PODS:
  - AAMFeedback (0.2.0):
    - UIDeviceIdentifier
  - GoogleAnalytics-iOS-SDK (3.0.9)
  - NJKWebViewProgress (0.2.3):
    - NJKWebViewProgress/Core
    - NJKWebViewProgress/ProgressView
  - NJKWebViewProgress/Core (0.2.3)
  - NJKWebViewProgress/ProgressView (0.2.3)
  - SFHFKeychainUtils (0.0.1)
  - TDBadgedCell (2.6)
  - TUSafariActivity (1.0.0)
  - UIDeviceIdentifier (0.4.3)

DEPENDENCIES:
  - AAMFeedback (from `https://github.com/azu/AAMFeedback.git`)
  - GoogleAnalytics-iOS-SDK
  - NJKWebViewProgress
  - SFHFKeychainUtils
  - TDBadgedCell
  - TUSafariActivity

EXTERNAL SOURCES:
  AAMFeedback:
    :git: https://github.com/azu/AAMFeedback.git

SPEC CHECKSUMS:
  AAMFeedback: 68f815343be58ee6afab6c49903254ddff7d58fd
  GoogleAnalytics-iOS-SDK: d9e198b1f955259a72886769be7377cdfcdb2250
  NJKWebViewProgress: 721b57080c840c76f70ff6c2dda4f836ee1b27c1
  SFHFKeychainUtils: 6fdda05a86d035db406c7662ec1054814b68f0fd
  TDBadgedCell: e683b5557d12ea4e28a8d6ac20b6e394abc2c1fe
  TUSafariActivity: afff9b1d2eacf7cbace752c5f2bf56db852714de
  UIDeviceIdentifier: a313d8f8d5a0ad34898f332e65dbecfa2d9b2af3

COCOAPODS: 0.34.4
