PODS:
  - NJKWebViewProgress (0.2):
    - NJKWebViewProgress/Core
    - NJKWebViewProgress/ProgressView
  - NJKWebViewProgress/Core (0.2)
  - NJKWebViewProgress/ProgressView (0.2)

DEPENDENCIES:
  - NJKWebViewProgress (from `git@github.com:ninjinkun/NJKWebViewProgress.git`)

EXTERNAL SOURCES:
  NJKWebViewProgress:
    :git: git@github.com:ninjinkun/NJKWebViewProgress.git

SPEC CHECKSUMS:
  NJKWebViewProgress: fd46c9489d799d97f3b09210886bf83884f6c725

COCOAPODS: 0.28.0
