<?xml version="1.0" encoding="UTF-8"?>
<!DOCTYPE plist PUBLIC "-//Apple//DTD PLIST 1.0//EN" "http://www.apple.com/DTDs/PropertyList-1.0.dtd">
<plist version="1.0">
<dict>
	<key>archiveVersion</key>
	<string>1</string>
	<key>classes</key>
	<dict/>
	<key>objectVersion</key>
	<string>46</string>
	<key>objects</key>
	<dict>
		<key>1804B307137542B500E1F54B</key>
		<dict>
			<key>children</key>
			<array>
				<string>18C0BDBB141E3F7D004448BF</string>
				<string>18C0BDBC141E3F7D004448BF</string>
				<string>18C0BDBD141E3F7D004448BF</string>
			</array>
			<key>isa</key>
			<string>PBXGroup</string>
			<key>name</key>
			<string>AdMaker</string>
			<key>sourceTree</key>
			<string>&lt;group&gt;</string>
		</dict>
		<key>18145E461614A5B400596AD7</key>
		<dict>
			<key>isa</key>
			<string>PBXFileReference</string>
			<key>lastKnownFileType</key>
			<string>image.png</string>
			<key>name</key>
			<string>Default-568h@2x.png</string>
			<key>path</key>
			<string>images/Default-568h@2x.png</string>
			<key>sourceTree</key>
			<string>&lt;group&gt;</string>
		</dict>
		<key>18145E471614A5B400596AD7</key>
		<dict>
			<key>fileRef</key>
			<string>18145E461614A5B400596AD7</string>
			<key>isa</key>
			<string>PBXBuildFile</string>
		</dict>
		<key>18145E491614B3C400596AD7</key>
		<dict>
			<key>buildActionMask</key>
			<string>2147483647</string>
			<key>files</key>
			<array/>
			<key>inputPaths</key>
			<array/>
			<key>isa</key>
			<string>PBXShellScriptBuildPhase</string>
			<key>outputPaths</key>
			<array/>
			<key>runOnlyForDeploymentPostprocessing</key>
			<string>0</string>
			<key>shellPath</key>
			<string>/bin/sh</string>
			<key>shellScript</key>
			<string>./Crashlytics.framework/run 7d0f3ef6938723ac69b416c2f9d0cfa7f9ae7437</string>
		</dict>
		<key>18145E4A1614B40E00596AD7</key>
		<dict>
			<key>isa</key>
			<string>PBXFileReference</string>
			<key>lastKnownFileType</key>
			<string>wrapper.framework</string>
			<key>path</key>
			<string>Crashlytics.framework</string>
			<key>sourceTree</key>
			<string>&lt;group&gt;</string>
		</dict>
		<key>18145E4B1614B40E00596AD7</key>
		<dict>
			<key>fileRef</key>
			<string>18145E4A1614B40E00596AD7</string>
			<key>isa</key>
			<string>PBXBuildFile</string>
		</dict>
		<key>18391BE6150B2319008207C0</key>
		<dict>
			<key>fileEncoding</key>
			<string>4</string>
			<key>isa</key>
			<string>PBXFileReference</string>
			<key>lastKnownFileType</key>
			<string>sourcecode.c.h</string>
			<key>path</key>
			<string>UIColor+NSString.h</string>
			<key>sourceTree</key>
			<string>&lt;group&gt;</string>
		</dict>
		<key>18391BE7150B231A008207C0</key>
		<dict>
			<key>fileEncoding</key>
			<string>4</string>
			<key>isa</key>
			<string>PBXFileReference</string>
			<key>lastKnownFileType</key>
			<string>sourcecode.c.objc</string>
			<key>path</key>
			<string>UIColor+NSString.m</string>
			<key>sourceTree</key>
			<string>&lt;group&gt;</string>
		</dict>
		<key>18391BE8150B231A008207C0</key>
		<dict>
			<key>fileRef</key>
			<string>18391BE7150B231A008207C0</string>
			<key>isa</key>
			<string>PBXBuildFile</string>
		</dict>
		<key>185082551375884E0020EED0</key>
		<dict>
			<key>isa</key>
			<string>PBXFileReference</string>
			<key>lastKnownFileType</key>
			<string>image.png</string>
			<key>name</key>
			<string>blueArrow.png</string>
			<key>path</key>
			<string>images/blueArrow.png</string>
			<key>sourceTree</key>
			<string>&lt;group&gt;</string>
		</dict>
		<key>185082561375884E0020EED0</key>
		<dict>
			<key>isa</key>
			<string>PBXFileReference</string>
			<key>lastKnownFileType</key>
			<string>image.png</string>
			<key>name</key>
			<string>blueArrow@2x.png</string>
			<key>path</key>
			<string>images/blueArrow@2x.png</string>
			<key>sourceTree</key>
			<string>&lt;group&gt;</string>
		</dict>
		<key>185082571375884E0020EED0</key>
		<dict>
			<key>isa</key>
			<string>PBXFileReference</string>
			<key>lastKnownFileType</key>
			<string>image.png</string>
			<key>name</key>
			<string>Default.png</string>
			<key>path</key>
			<string>images/Default.png</string>
			<key>sourceTree</key>
			<string>&lt;group&gt;</string>
		</dict>
		<key>185082581375884E0020EED0</key>
		<dict>
			<key>isa</key>
			<string>PBXFileReference</string>
			<key>lastKnownFileType</key>
			<string>image.png</string>
			<key>name</key>
			<string>Default@2x.png</string>
			<key>path</key>
			<string>images/Default@2x.png</string>
			<key>sourceTree</key>
			<string>&lt;group&gt;</string>
		</dict>
		<key>185082591375884E0020EED0</key>
		<dict>
			<key>isa</key>
			<string>PBXFileReference</string>
			<key>lastKnownFileType</key>
			<string>image.png</string>
			<key>name</key>
			<string>Icon-72.png</string>
			<key>path</key>
			<string>images/Icon-72.png</string>
			<key>sourceTree</key>
			<string>&lt;group&gt;</string>
		</dict>
		<key>1850825A1375884E0020EED0</key>
		<dict>
			<key>isa</key>
			<string>PBXFileReference</string>
			<key>lastKnownFileType</key>
			<string>image.png</string>
			<key>name</key>
			<string>Icon-Small-50.png</string>
			<key>path</key>
			<string>images/Icon-Small-50.png</string>
			<key>sourceTree</key>
			<string>&lt;group&gt;</string>
		</dict>
		<key>1850825B1375884E0020EED0</key>
		<dict>
			<key>isa</key>
			<string>PBXFileReference</string>
			<key>lastKnownFileType</key>
			<string>image.png</string>
			<key>name</key>
			<string>Icon-Small.png</string>
			<key>path</key>
			<string>images/Icon-Small.png</string>
			<key>sourceTree</key>
			<string>&lt;group&gt;</string>
		</dict>
		<key>1850825C1375884E0020EED0</key>
		<dict>
			<key>isa</key>
			<string>PBXFileReference</string>
			<key>lastKnownFileType</key>
			<string>image.png</string>
			<key>name</key>
			<string>Icon-Small@2x.png</string>
			<key>path</key>
			<string>images/Icon-Small@2x.png</string>
			<key>sourceTree</key>
			<string>&lt;group&gt;</string>
		</dict>
		<key>1850825D1375884E0020EED0</key>
		<dict>
			<key>isa</key>
			<string>PBXFileReference</string>
			<key>lastKnownFileType</key>
			<string>image.png</string>
			<key>name</key>
			<string>Icon.png</string>
			<key>path</key>
			<string>images/Icon.png</string>
			<key>sourceTree</key>
			<string>&lt;group&gt;</string>
		</dict>
		<key>1850825E1375884E0020EED0</key>
		<dict>
			<key>isa</key>
			<string>PBXFileReference</string>
			<key>lastKnownFileType</key>
			<string>image.png</string>
			<key>name</key>
			<string>Icon@2x.png</string>
			<key>path</key>
			<string>images/Icon@2x.png</string>
			<key>sourceTree</key>
			<string>&lt;group&gt;</string>
		</dict>
		<key>1850825F1375884E0020EED0</key>
		<dict>
			<key>isa</key>
			<string>PBXFileReference</string>
			<key>lastKnownFileType</key>
			<string>image.png</string>
			<key>name</key>
			<string>iconBrowseNext.png</string>
			<key>path</key>
			<string>images/iconBrowseNext.png</string>
			<key>sourceTree</key>
			<string>&lt;group&gt;</string>
		</dict>
		<key>185082601375884E0020EED0</key>
		<dict>
			<key>isa</key>
			<string>PBXFileReference</string>
			<key>lastKnownFileType</key>
			<string>image.png</string>
			<key>name</key>
			<string>iconBrowseNext@2x.png</string>
			<key>path</key>
			<string>images/iconBrowseNext@2x.png</string>
			<key>sourceTree</key>
			<string>&lt;group&gt;</string>
		</dict>
		<key>185082611375884E0020EED0</key>
		<dict>
			<key>isa</key>
			<string>PBXFileReference</string>
			<key>lastKnownFileType</key>
			<string>image.png</string>
			<key>name</key>
			<string>iconBrowsePrev.png</string>
			<key>path</key>
			<string>images/iconBrowsePrev.png</string>
			<key>sourceTree</key>
			<string>&lt;group&gt;</string>
		</dict>
		<key>185082621375884E0020EED0</key>
		<dict>
			<key>isa</key>
			<string>PBXFileReference</string>
			<key>lastKnownFileType</key>
			<string>image.png</string>
			<key>name</key>
			<string>iconBrowsePrev@2x.png</string>
			<key>path</key>
			<string>images/iconBrowsePrev@2x.png</string>
			<key>sourceTree</key>
			<string>&lt;group&gt;</string>
		</dict>
		<key>185082631375884E0020EED0</key>
		<dict>
			<key>isa</key>
			<string>PBXFileReference</string>
			<key>lastKnownFileType</key>
			<string>file</string>
			<key>name</key>
			<string>iTunesArtwork</string>
			<key>path</key>
			<string>images/iTunesArtwork</string>
			<key>sourceTree</key>
			<string>&lt;group&gt;</string>
		</dict>
		<key>185082641375884E0020EED0</key>
		<dict>
			<key>fileRef</key>
			<string>185082551375884E0020EED0</string>
			<key>isa</key>
			<string>PBXBuildFile</string>
		</dict>
		<key>185082651375884E0020EED0</key>
		<dict>
			<key>fileRef</key>
			<string>185082561375884E0020EED0</string>
			<key>isa</key>
			<string>PBXBuildFile</string>
		</dict>
		<key>185082661375884E0020EED0</key>
		<dict>
			<key>fileRef</key>
			<string>185082571375884E0020EED0</string>
			<key>isa</key>
			<string>PBXBuildFile</string>
		</dict>
		<key>185082671375884E0020EED0</key>
		<dict>
			<key>fileRef</key>
			<string>185082581375884E0020EED0</string>
			<key>isa</key>
			<string>PBXBuildFile</string>
		</dict>
		<key>185082681375884E0020EED0</key>
		<dict>
			<key>fileRef</key>
			<string>185082591375884E0020EED0</string>
			<key>isa</key>
			<string>PBXBuildFile</string>
		</dict>
		<key>185082691375884E0020EED0</key>
		<dict>
			<key>fileRef</key>
			<string>1850825A1375884E0020EED0</string>
			<key>isa</key>
			<string>PBXBuildFile</string>
		</dict>
		<key>1850826A1375884E0020EED0</key>
		<dict>
			<key>fileRef</key>
			<string>1850825B1375884E0020EED0</string>
			<key>isa</key>
			<string>PBXBuildFile</string>
		</dict>
		<key>1850826B1375884E0020EED0</key>
		<dict>
			<key>fileRef</key>
			<string>1850825C1375884E0020EED0</string>
			<key>isa</key>
			<string>PBXBuildFile</string>
		</dict>
		<key>1850826C1375884E0020EED0</key>
		<dict>
			<key>fileRef</key>
			<string>1850825D1375884E0020EED0</string>
			<key>isa</key>
			<string>PBXBuildFile</string>
		</dict>
		<key>1850826D1375884E0020EED0</key>
		<dict>
			<key>fileRef</key>
			<string>1850825E1375884E0020EED0</string>
			<key>isa</key>
			<string>PBXBuildFile</string>
		</dict>
		<key>1850826E1375884E0020EED0</key>
		<dict>
			<key>fileRef</key>
			<string>1850825F1375884E0020EED0</string>
			<key>isa</key>
			<string>PBXBuildFile</string>
		</dict>
		<key>1850826F1375884E0020EED0</key>
		<dict>
			<key>fileRef</key>
			<string>185082601375884E0020EED0</string>
			<key>isa</key>
			<string>PBXBuildFile</string>
		</dict>
		<key>185082701375884E0020EED0</key>
		<dict>
			<key>fileRef</key>
			<string>185082611375884E0020EED0</string>
			<key>isa</key>
			<string>PBXBuildFile</string>
		</dict>
		<key>185082711375884E0020EED0</key>
		<dict>
			<key>fileRef</key>
			<string>185082621375884E0020EED0</string>
			<key>isa</key>
			<string>PBXBuildFile</string>
		</dict>
		<key>185082721375884E0020EED0</key>
		<dict>
			<key>fileRef</key>
			<string>185082631375884E0020EED0</string>
			<key>isa</key>
			<string>PBXBuildFile</string>
		</dict>
		<key>18508273137588E00020EED0</key>
		<dict>
			<key>children</key>
			<array>
				<string>18508274137588E00020EED0</string>
				<string>18508276137588EB0020EED0</string>
			</array>
			<key>isa</key>
			<string>PBXVariantGroup</string>
			<key>name</key>
			<string>Localizable.strings</string>
			<key>sourceTree</key>
			<string>&lt;group&gt;</string>
		</dict>
		<key>18508274137588E00020EED0</key>
		<dict>
			<key>isa</key>
			<string>PBXFileReference</string>
			<key>lastKnownFileType</key>
			<string>text.plist.strings</string>
			<key>name</key>
			<string>ja</string>
			<key>path</key>
			<string>ja.lproj/Localizable.strings</string>
			<key>sourceTree</key>
			<string>&lt;group&gt;</string>
		</dict>
		<key>18508275137588E00020EED0</key>
		<dict>
			<key>fileRef</key>
			<string>18508273137588E00020EED0</string>
			<key>isa</key>
			<string>PBXBuildFile</string>
		</dict>
		<key>18508276137588EB0020EED0</key>
		<dict>
			<key>isa</key>
			<string>PBXFileReference</string>
			<key>lastKnownFileType</key>
			<string>text.plist.strings</string>
			<key>name</key>
			<string>en</string>
			<key>path</key>
			<string>en.lproj/Localizable.strings</string>
			<key>sourceTree</key>
			<string>&lt;group&gt;</string>
		</dict>
		<key>18508277137595890020EED0</key>
		<dict>
			<key>fileEncoding</key>
			<string>4</string>
			<key>isa</key>
			<string>PBXFileReference</string>
			<key>lastKnownFileType</key>
			<string>text.plist.xml</string>
			<key>path</key>
			<string>Entitlements.plist</string>
			<key>sourceTree</key>
			<string>SOURCE_ROOT</string>
		</dict>
		<key>18508278137595890020EED0</key>
		<dict>
			<key>fileRef</key>
			<string>18508277137595890020EED0</string>
			<key>isa</key>
			<string>PBXBuildFile</string>
		</dict>
		<key>186781BD13743AF0001D60A2</key>
		<dict>
			<key>children</key>
			<array>
				<string>186781D213743AF0001D60A2</string>
				<string>186781CB13743AF0001D60A2</string>
				<string>186781C913743AF0001D60A2</string>
				<string>29A65A7FEFE540DEA8ED603E</string>
			</array>
			<key>isa</key>
			<string>PBXGroup</string>
			<key>sourceTree</key>
			<string>&lt;group&gt;</string>
		</dict>
		<key>186781BF13743AF0001D60A2</key>
		<dict>
			<key>attributes</key>
			<dict>
				<key>LastUpgradeCheck</key>
				<string>0420</string>
				<key>ORGANIZATIONNAME</key>
				<string>genesix, Inc.</string>
				<key>TargetAttributes</key>
				<dict>
					<key>186781C713743AF0001D60A2</key>
					<dict>
						<key>DevelopmentTeam</key>
						<string>28Q28C23PY</string>
					</dict>
				</dict>
			</dict>
			<key>buildConfigurationList</key>
			<string>186781C213743AF0001D60A2</string>
			<key>compatibilityVersion</key>
			<string>Xcode 3.2</string>
			<key>developmentRegion</key>
			<string>English</string>
			<key>hasScannedForEncodings</key>
			<string>0</string>
			<key>isa</key>
			<string>PBXProject</string>
			<key>knownRegions</key>
			<array>
				<string>en</string>
				<string>ja</string>
			</array>
			<key>mainGroup</key>
			<string>186781BD13743AF0001D60A2</string>
			<key>productRefGroup</key>
			<string>186781C913743AF0001D60A2</string>
			<key>projectDirPath</key>
			<string></string>
			<key>projectReferences</key>
			<array/>
			<key>projectRoot</key>
			<string></string>
			<key>targets</key>
			<array>
				<string>186781C713743AF0001D60A2</string>
			</array>
		</dict>
		<key>186781C213743AF0001D60A2</key>
		<dict>
			<key>buildConfigurations</key>
			<array>
				<string>186781E713743AF0001D60A2</string>
				<string>186781E813743AF0001D60A2</string>
				<string>18C93063137581C1006F5DD3</string>
				<string>18C93061137581B9006F5DD3</string>
			</array>
			<key>defaultConfigurationIsVisible</key>
			<string>0</string>
			<key>defaultConfigurationName</key>
			<string>Release</string>
			<key>isa</key>
			<string>XCConfigurationList</string>
		</dict>
		<key>186781C413743AF0001D60A2</key>
		<dict>
			<key>buildActionMask</key>
			<string>2147483647</string>
			<key>files</key>
			<array>
				<string>186781DA13743AF0001D60A2</string>
				<string>186781DD13743AF0001D60A2</string>
				<string>186781EF13743B0B001D60A2</string>
				<string>186781FD13743B88001D60A2</string>
				<string>1867820A13743BC2001D60A2</string>
				<string>1867820B13743BC2001D60A2</string>
				<string>1867820C13743BC2001D60A2</string>
				<string>1867820D13743BC2001D60A2</string>
				<string>1867820E13743BC2001D60A2</string>
				<string>1867821213743BCD001D60A2</string>
				<string>18E8ECD8137526E000F73ADA</string>
				<string>1867822513744C44001D60A2</string>
				<string>18AE580D141D1B0100C71E23</string>
				<string>187AE797141DEFFA0065D960</string>
				<string>187AE7BB141DFD6F0065D960</string>
				<string>18C0BDC2141E4337004448BF</string>
				<string>18391BE8150B231A008207C0</string>
				<string>18DB9E04158CCD13004BD300</string>
				<string>18DB9E05158CCD13004BD300</string>
			</array>
			<key>isa</key>
			<string>PBXSourcesBuildPhase</string>
			<key>runOnlyForDeploymentPostprocessing</key>
			<string>0</string>
		</dict>
		<key>186781C513743AF0001D60A2</key>
		<dict>
			<key>buildActionMask</key>
			<string>2147483647</string>
			<key>files</key>
			<array>
				<string>18DB9E08158CCD7B004BD300</string>
				<string>1867821A13743C08001D60A2</string>
				<string>1867821813743C01001D60A2</string>
				<string>186781CD13743AF0001D60A2</string>
				<string>186781CF13743AF0001D60A2</string>
				<string>186781D113743AF0001D60A2</string>
				<string>18145E4B1614B40E00596AD7</string>
				<string>8EBF75B949F0455EB13F2267</string>
			</array>
			<key>isa</key>
			<string>PBXFrameworksBuildPhase</string>
			<key>runOnlyForDeploymentPostprocessing</key>
			<string>0</string>
		</dict>
		<key>186781C613743AF0001D60A2</key>
		<dict>
			<key>buildActionMask</key>
			<string>2147483647</string>
			<key>files</key>
			<array>
				<string>186781D713743AF0001D60A2</string>
				<string>18C9304E13757F63006F5DD3</string>
				<string>18C9304B13757F5A006F5DD3</string>
				<string>186781F013743B0B001D60A2</string>
				<string>185082641375884E0020EED0</string>
				<string>185082651375884E0020EED0</string>
				<string>185082661375884E0020EED0</string>
				<string>185082671375884E0020EED0</string>
				<string>185082681375884E0020EED0</string>
				<string>185082691375884E0020EED0</string>
				<string>1850826A1375884E0020EED0</string>
				<string>1850826B1375884E0020EED0</string>
				<string>1850826C1375884E0020EED0</string>
				<string>1850826D1375884E0020EED0</string>
				<string>1850826E1375884E0020EED0</string>
				<string>1850826F1375884E0020EED0</string>
				<string>185082701375884E0020EED0</string>
				<string>185082711375884E0020EED0</string>
				<string>185082721375884E0020EED0</string>
				<string>18508275137588E00020EED0</string>
				<string>18508278137595890020EED0</string>
				<string>187AE7BC141DFD6F0065D960</string>
				<string>1899888C141E1822006FB745</string>
				<string>18145E471614A5B400596AD7</string>
			</array>
			<key>isa</key>
			<string>PBXResourcesBuildPhase</string>
			<key>runOnlyForDeploymentPostprocessing</key>
			<string>0</string>
		</dict>
		<key>186781C713743AF0001D60A2</key>
		<dict>
			<key>buildConfigurationList</key>
			<string>186781E913743AF0001D60A2</string>
			<key>buildPhases</key>
			<array>
				<string>3188F17C38594A4CB31FA425</string>
				<string>186781C413743AF0001D60A2</string>
				<string>186781C513743AF0001D60A2</string>
				<string>186781C613743AF0001D60A2</string>
				<string>18145E491614B3C400596AD7</string>
				<string>67E887D94A3B4828899FB7EB</string>
			</array>
			<key>buildRules</key>
			<array/>
			<key>dependencies</key>
			<array/>
			<key>isa</key>
			<string>PBXNativeTarget</string>
			<key>name</key>
			<string>Buzzurl touch</string>
			<key>productName</key>
			<string>Buzzurl touch</string>
			<key>productReference</key>
			<string>186781C813743AF0001D60A2</string>
			<key>productType</key>
			<string>com.apple.product-type.application</string>
		</dict>
		<key>186781C813743AF0001D60A2</key>
		<dict>
			<key>explicitFileType</key>
			<string>wrapper.application</string>
			<key>includeInIndex</key>
			<string>0</string>
			<key>isa</key>
			<string>PBXFileReference</string>
			<key>path</key>
			<string>Buzzurl touch.app</string>
			<key>sourceTree</key>
			<string>BUILT_PRODUCTS_DIR</string>
		</dict>
		<key>186781C913743AF0001D60A2</key>
		<dict>
			<key>children</key>
			<array>
				<string>186781C813743AF0001D60A2</string>
			</array>
			<key>isa</key>
			<string>PBXGroup</string>
			<key>name</key>
			<string>Products</string>
			<key>sourceTree</key>
			<string>&lt;group&gt;</string>
		</dict>
		<key>186781CB13743AF0001D60A2</key>
		<dict>
			<key>children</key>
			<array>
				<string>18145E4A1614B40E00596AD7</string>
				<string>18DB9E07158CCD7B004BD300</string>
				<string>1867821913743C08001D60A2</string>
				<string>1867821713743C01001D60A2</string>
				<string>186781CC13743AF0001D60A2</string>
				<string>186781CE13743AF0001D60A2</string>
				<string>186781D013743AF0001D60A2</string>
				<string>8524C0EF58B5461D93707D4C</string>
			</array>
			<key>isa</key>
			<string>PBXGroup</string>
			<key>name</key>
			<string>Frameworks</string>
			<key>sourceTree</key>
			<string>&lt;group&gt;</string>
		</dict>
		<key>186781CC13743AF0001D60A2</key>
		<dict>
			<key>isa</key>
			<string>PBXFileReference</string>
			<key>lastKnownFileType</key>
			<string>wrapper.framework</string>
			<key>name</key>
			<string>UIKit.framework</string>
			<key>path</key>
			<string>System/Library/Frameworks/UIKit.framework</string>
			<key>sourceTree</key>
			<string>SDKROOT</string>
		</dict>
		<key>186781CD13743AF0001D60A2</key>
		<dict>
			<key>fileRef</key>
			<string>186781CC13743AF0001D60A2</string>
			<key>isa</key>
			<string>PBXBuildFile</string>
		</dict>
		<key>186781CE13743AF0001D60A2</key>
		<dict>
			<key>isa</key>
			<string>PBXFileReference</string>
			<key>lastKnownFileType</key>
			<string>wrapper.framework</string>
			<key>name</key>
			<string>Foundation.framework</string>
			<key>path</key>
			<string>System/Library/Frameworks/Foundation.framework</string>
			<key>sourceTree</key>
			<string>SDKROOT</string>
		</dict>
		<key>186781CF13743AF0001D60A2</key>
		<dict>
			<key>fileRef</key>
			<string>186781CE13743AF0001D60A2</string>
			<key>isa</key>
			<string>PBXBuildFile</string>
		</dict>
		<key>186781D013743AF0001D60A2</key>
		<dict>
			<key>isa</key>
			<string>PBXFileReference</string>
			<key>lastKnownFileType</key>
			<string>wrapper.framework</string>
			<key>name</key>
			<string>CoreGraphics.framework</string>
			<key>path</key>
			<string>System/Library/Frameworks/CoreGraphics.framework</string>
			<key>sourceTree</key>
			<string>SDKROOT</string>
		</dict>
		<key>186781D113743AF0001D60A2</key>
		<dict>
			<key>fileRef</key>
			<string>186781D013743AF0001D60A2</string>
			<key>isa</key>
			<string>PBXBuildFile</string>
		</dict>
		<key>186781D213743AF0001D60A2</key>
		<dict>
			<key>children</key>
			<array>
				<string>18DB9DFF158CCD13004BD300</string>
				<string>18C0BDBF141E42F5004448BF</string>
				<string>1804B307137542B500E1F54B</string>
				<string>1867821313743BDA001D60A2</string>
				<string>1867820F13743BCD001D60A2</string>
				<string>186781FE13743BC2001D60A2</string>
				<string>187AE793141DEF560065D960</string>
				<string>186781DB13743AF0001D60A2</string>
				<string>186781DC13743AF0001D60A2</string>
				<string>18391BE6150B2319008207C0</string>
				<string>18391BE7150B231A008207C0</string>
				<string>18C9304F13757F63006F5DD3</string>
				<string>18AE580B141D1B0100C71E23</string>
				<string>18AE580C141D1B0100C71E23</string>
				<string>187AE7B8141DFD6F0065D960</string>
				<string>187AE7B9141DFD6F0065D960</string>
				<string>187AE7BA141DFD6F0065D960</string>
				<string>186781FB13743B88001D60A2</string>
				<string>186781FC13743B88001D60A2</string>
				<string>18C9304C13757F5A006F5DD3</string>
				<string>186781EC13743B0B001D60A2</string>
				<string>186781ED13743B0B001D60A2</string>
				<string>186781EE13743B0B001D60A2</string>
				<string>1867822313744C44001D60A2</string>
				<string>1867822413744C44001D60A2</string>
				<string>1899888B141E1822006FB745</string>
				<string>186781D313743AF0001D60A2</string>
			</array>
			<key>isa</key>
			<string>PBXGroup</string>
			<key>path</key>
			<string>Buzzurl touch</string>
			<key>sourceTree</key>
			<string>&lt;group&gt;</string>
		</dict>
		<key>186781D313743AF0001D60A2</key>
		<dict>
			<key>children</key>
			<array>
				<string>18508273137588E00020EED0</string>
				<string>186781F213743B3B001D60A2</string>
				<string>186781D413743AF0001D60A2</string>
				<string>186781D513743AF0001D60A2</string>
				<string>186781D813743AF0001D60A2</string>
				<string>186781D913743AF0001D60A2</string>
				<string>18508277137595890020EED0</string>
			</array>
			<key>isa</key>
			<string>PBXGroup</string>
			<key>name</key>
			<string>Supporting Files</string>
			<key>sourceTree</key>
			<string>&lt;group&gt;</string>
		</dict>
		<key>186781D413743AF0001D60A2</key>
		<dict>
			<key>isa</key>
			<string>PBXFileReference</string>
			<key>lastKnownFileType</key>
			<string>text.plist.xml</string>
			<key>path</key>
			<string>Buzzurl touch-Info.plist</string>
			<key>sourceTree</key>
			<string>&lt;group&gt;</string>
		</dict>
		<key>186781D513743AF0001D60A2</key>
		<dict>
			<key>children</key>
			<array>
				<string>186781D613743AF0001D60A2</string>
			</array>
			<key>isa</key>
			<string>PBXVariantGroup</string>
			<key>name</key>
			<string>InfoPlist.strings</string>
			<key>sourceTree</key>
			<string>&lt;group&gt;</string>
		</dict>
		<key>186781D613743AF0001D60A2</key>
		<dict>
			<key>isa</key>
			<string>PBXFileReference</string>
			<key>lastKnownFileType</key>
			<string>text.plist.strings</string>
			<key>name</key>
			<string>en</string>
			<key>path</key>
			<string>en.lproj/InfoPlist.strings</string>
			<key>sourceTree</key>
			<string>&lt;group&gt;</string>
		</dict>
		<key>186781D713743AF0001D60A2</key>
		<dict>
			<key>fileRef</key>
			<string>186781D513743AF0001D60A2</string>
			<key>isa</key>
			<string>PBXBuildFile</string>
		</dict>
		<key>186781D813743AF0001D60A2</key>
		<dict>
			<key>isa</key>
			<string>PBXFileReference</string>
			<key>lastKnownFileType</key>
			<string>sourcecode.c.h</string>
			<key>path</key>
			<string>Buzzurl touch-Prefix.pch</string>
			<key>sourceTree</key>
			<string>&lt;group&gt;</string>
		</dict>
		<key>186781D913743AF0001D60A2</key>
		<dict>
			<key>isa</key>
			<string>PBXFileReference</string>
			<key>lastKnownFileType</key>
			<string>sourcecode.c.objc</string>
			<key>path</key>
			<string>main.m</string>
			<key>sourceTree</key>
			<string>&lt;group&gt;</string>
		</dict>
		<key>186781DA13743AF0001D60A2</key>
		<dict>
			<key>fileRef</key>
			<string>186781D913743AF0001D60A2</string>
			<key>isa</key>
			<string>PBXBuildFile</string>
		</dict>
		<key>186781DB13743AF0001D60A2</key>
		<dict>
			<key>isa</key>
			<string>PBXFileReference</string>
			<key>lastKnownFileType</key>
			<string>sourcecode.c.h</string>
			<key>path</key>
			<string>Buzzurl_touchAppDelegate.h</string>
			<key>sourceTree</key>
			<string>&lt;group&gt;</string>
		</dict>
		<key>186781DC13743AF0001D60A2</key>
		<dict>
			<key>isa</key>
			<string>PBXFileReference</string>
			<key>lastKnownFileType</key>
			<string>sourcecode.c.objc</string>
			<key>path</key>
			<string>Buzzurl_touchAppDelegate.m</string>
			<key>sourceTree</key>
			<string>&lt;group&gt;</string>
		</dict>
		<key>186781DD13743AF0001D60A2</key>
		<dict>
			<key>fileRef</key>
			<string>186781DC13743AF0001D60A2</string>
			<key>isa</key>
			<string>PBXBuildFile</string>
		</dict>
		<key>186781E713743AF0001D60A2</key>
		<dict>
			<key>buildSettings</key>
			<dict>
				<key>ARCHS</key>
				<array>
					<string>armv7</string>
					<string>armv6</string>
				</array>
				<key>CODE_SIGN_ENTITLEMENTS</key>
				<string>Entitlements.plist</string>
				<key>CODE_SIGN_IDENTITY</key>
				<string>iPhone Developer: Tatsuya Arai (A669DLNGP9)</string>
				<key>CODE_SIGN_IDENTITY[sdk=iphoneos*]</key>
				<string>iPhone Developer: Tatsuya Arai (A669DLNGP9)</string>
				<key>CODE_SIGN_RESOURCE_RULES_PATH</key>
				<string></string>
				<key>GCC_C_LANGUAGE_STANDARD</key>
				<string>gnu99</string>
				<key>GCC_OPTIMIZATION_LEVEL</key>
				<string>0</string>
				<key>GCC_PREPROCESSOR_DEFINITIONS</key>
				<string>DEBUG</string>
				<key>GCC_SYMBOLS_PRIVATE_EXTERN</key>
				<string>NO</string>
				<key>GCC_VERSION</key>
				<string></string>
				<key>GCC_WARN_ABOUT_RETURN_TYPE</key>
				<string>YES</string>
				<key>GCC_WARN_UNUSED_VARIABLE</key>
				<string>YES</string>
				<key>IPHONEOS_DEPLOYMENT_TARGET</key>
				<string>4.3</string>
				<key>ONLY_ACTIVE_ARCH</key>
				<string>NO</string>
				<key>PROVISIONING_PROFILE</key>
				<string>6131281C-CF15-440D-8C2A-0435AD89B599</string>
				<key>PROVISIONING_PROFILE[sdk=iphoneos*]</key>
				<string>6131281C-CF15-440D-8C2A-0435AD89B599</string>
				<key>SDKROOT</key>
				<string>iphoneos</string>
			</dict>
			<key>isa</key>
			<string>XCBuildConfiguration</string>
			<key>name</key>
			<string>Debug</string>
		</dict>
		<key>186781E813743AF0001D60A2</key>
		<dict>
			<key>buildSettings</key>
			<dict>
				<key>ARCHS</key>
				<array>
					<string>armv7</string>
					<string>armv6</string>
				</array>
				<key>CODE_SIGN_ENTITLEMENTS</key>
				<string>Entitlements.plist</string>
				<key>CODE_SIGN_IDENTITY</key>
				<string>iPhone Distribution</string>
				<key>CODE_SIGN_RESOURCE_RULES_PATH</key>
				<string></string>
				<key>GCC_C_LANGUAGE_STANDARD</key>
				<string>gnu99</string>
				<key>GCC_VERSION</key>
				<string></string>
				<key>GCC_WARN_ABOUT_RETURN_TYPE</key>
				<string>YES</string>
				<key>GCC_WARN_UNUSED_VARIABLE</key>
				<string>YES</string>
				<key>IPHONEOS_DEPLOYMENT_TARGET</key>
				<string>4.3</string>
				<key>ONLY_ACTIVE_ARCH</key>
				<string>NO</string>
				<key>OTHER_CFLAGS</key>
				<string>-DNS_BLOCK_ASSERTIONS=1</string>
				<key>PROVISIONING_PROFILE</key>
				<string></string>
				<key>SDKROOT</key>
				<string>iphoneos</string>
			</dict>
			<key>isa</key>
			<string>XCBuildConfiguration</string>
			<key>name</key>
			<string>Release</string>
		</dict>
		<key>186781E913743AF0001D60A2</key>
		<dict>
			<key>buildConfigurations</key>
			<array>
				<string>186781EA13743AF0001D60A2</string>
				<string>186781EB13743AF0001D60A2</string>
				<string>18C93064137581C1006F5DD3</string>
				<string>18C93062137581B9006F5DD3</string>
			</array>
			<key>defaultConfigurationIsVisible</key>
			<string>0</string>
			<key>defaultConfigurationName</key>
			<string>Release</string>
			<key>isa</key>
			<string>XCConfigurationList</string>
		</dict>
		<key>186781EA13743AF0001D60A2</key>
		<dict>
			<key>baseConfigurationReference</key>
			<string>29A65A7FEFE540DEA8ED603E</string>
			<key>buildSettings</key>
			<dict>
				<key>ALWAYS_SEARCH_USER_PATHS</key>
				<string>NO</string>
				<key>CODE_SIGN_IDENTITY</key>
				<string>iPhone Developer</string>
				<key>CODE_SIGN_IDENTITY[sdk=iphoneos*]</key>
				<string>iPhone Developer</string>
				<key>COPY_PHASE_STRIP</key>
				<string>NO</string>
				<key>FRAMEWORK_SEARCH_PATHS</key>
				<array>
					<string>$(inherited)</string>
					<string>"$(SRCROOT)"</string>
				</array>
				<key>GCC_DYNAMIC_NO_PIC</key>
				<string>NO</string>
				<key>GCC_PRECOMPILE_PREFIX_HEADER</key>
				<string>YES</string>
				<key>GCC_PREFIX_HEADER</key>
				<string>Buzzurl touch/Buzzurl touch-Prefix.pch</string>
				<key>INFOPLIST_FILE</key>
				<string>Buzzurl touch/Buzzurl touch-Info.plist</string>
				<key>IPHONEOS_DEPLOYMENT_TARGET</key>
				<string>4.3</string>
				<key>LIBRARY_SEARCH_PATHS</key>
				<array>
					<string>$(inherited)</string>
					<string>"$(SRCROOT)/Buzzurl touch"</string>
				</array>
				<key>PRODUCT_NAME</key>
				<string>$(TARGET_NAME)</string>
				<key>PROVISIONING_PROFILE</key>
				<string></string>
				<key>PROVISIONING_PROFILE[sdk=iphoneos*]</key>
				<string>6131281C-CF15-440D-8C2A-0435AD89B599</string>
				<key>TARGETED_DEVICE_FAMILY</key>
				<string>1</string>
				<key>WRAPPER_EXTENSION</key>
				<string>app</string>
			</dict>
			<key>isa</key>
			<string>XCBuildConfiguration</string>
			<key>name</key>
			<string>Debug</string>
		</dict>
		<key>186781EB13743AF0001D60A2</key>
		<dict>
			<key>baseConfigurationReference</key>
			<string>29A65A7FEFE540DEA8ED603E</string>
			<key>buildSettings</key>
			<dict>
				<key>ALWAYS_SEARCH_USER_PATHS</key>
				<string>NO</string>
				<key>CODE_SIGN_IDENTITY</key>
				<string>iPhone Developer</string>
				<key>CODE_SIGN_IDENTITY[sdk=iphoneos*]</key>
				<string>iPhone Developer</string>
				<key>COPY_PHASE_STRIP</key>
				<string>YES</string>
				<key>FRAMEWORK_SEARCH_PATHS</key>
				<array>
					<string>$(inherited)</string>
					<string>"$(SRCROOT)"</string>
				</array>
				<key>GCC_PRECOMPILE_PREFIX_HEADER</key>
				<string>YES</string>
				<key>GCC_PREFIX_HEADER</key>
				<string>Buzzurl touch/Buzzurl touch-Prefix.pch</string>
				<key>INFOPLIST_FILE</key>
				<string>Buzzurl touch/Buzzurl touch-Info.plist</string>
				<key>IPHONEOS_DEPLOYMENT_TARGET</key>
				<string>4.3</string>
				<key>LIBRARY_SEARCH_PATHS</key>
				<array>
					<string>$(inherited)</string>
					<string>"$(SRCROOT)/Buzzurl touch"</string>
				</array>
				<key>PRODUCT_NAME</key>
				<string>$(TARGET_NAME)</string>
				<key>PROVISIONING_PROFILE</key>
				<string></string>
				<key>TARGETED_DEVICE_FAMILY</key>
				<string>1</string>
				<key>VALIDATE_PRODUCT</key>
				<string>YES</string>
				<key>WRAPPER_EXTENSION</key>
				<string>app</string>
			</dict>
			<key>isa</key>
			<string>XCBuildConfiguration</string>
			<key>name</key>
			<string>Release</string>
		</dict>
		<key>186781EC13743B0B001D60A2</key>
		<dict>
			<key>fileEncoding</key>
			<string>4</string>
			<key>isa</key>
			<string>PBXFileReference</string>
			<key>lastKnownFileType</key>
			<string>sourcecode.c.h</string>
			<key>path</key>
			<string>SettingsViewController.h</string>
			<key>sourceTree</key>
			<string>&lt;group&gt;</string>
		</dict>
		<key>186781ED13743B0B001D60A2</key>
		<dict>
			<key>fileEncoding</key>
			<string>4</string>
			<key>isa</key>
			<string>PBXFileReference</string>
			<key>lastKnownFileType</key>
			<string>sourcecode.c.objc</string>
			<key>path</key>
			<string>SettingsViewController.m</string>
			<key>sourceTree</key>
			<string>&lt;group&gt;</string>
		</dict>
		<key>186781EE13743B0B001D60A2</key>
		<dict>
			<key>fileEncoding</key>
			<string>4</string>
			<key>isa</key>
			<string>PBXFileReference</string>
			<key>lastKnownFileType</key>
			<string>file.xib</string>
			<key>path</key>
			<string>SettingsViewController.xib</string>
			<key>sourceTree</key>
			<string>&lt;group&gt;</string>
		</dict>
		<key>186781EF13743B0B001D60A2</key>
		<dict>
			<key>fileRef</key>
			<string>186781ED13743B0B001D60A2</string>
			<key>isa</key>
			<string>PBXBuildFile</string>
		</dict>
		<key>186781F013743B0B001D60A2</key>
		<dict>
			<key>fileRef</key>
			<string>186781EE13743B0B001D60A2</string>
			<key>isa</key>
			<string>PBXBuildFile</string>
		</dict>
		<key>186781F213743B3B001D60A2</key>
		<dict>
			<key>children</key>
			<array>
				<string>18145E461614A5B400596AD7</string>
				<string>185082551375884E0020EED0</string>
				<string>185082561375884E0020EED0</string>
				<string>185082571375884E0020EED0</string>
				<string>185082581375884E0020EED0</string>
				<string>185082591375884E0020EED0</string>
				<string>1850825A1375884E0020EED0</string>
				<string>1850825B1375884E0020EED0</string>
				<string>1850825C1375884E0020EED0</string>
				<string>1850825D1375884E0020EED0</string>
				<string>1850825E1375884E0020EED0</string>
				<string>1850825F1375884E0020EED0</string>
				<string>185082601375884E0020EED0</string>
				<string>185082611375884E0020EED0</string>
				<string>185082621375884E0020EED0</string>
				<string>185082631375884E0020EED0</string>
			</array>
			<key>isa</key>
			<string>PBXGroup</string>
			<key>name</key>
			<string>images</string>
			<key>sourceTree</key>
			<string>&lt;group&gt;</string>
		</dict>
		<key>186781FB13743B88001D60A2</key>
		<dict>
			<key>fileEncoding</key>
			<string>4</string>
			<key>isa</key>
			<string>PBXFileReference</string>
			<key>lastKnownFileType</key>
			<string>sourcecode.c.h</string>
			<key>path</key>
			<string>RootViewController.h</string>
			<key>sourceTree</key>
			<string>&lt;group&gt;</string>
		</dict>
		<key>186781FC13743B88001D60A2</key>
		<dict>
			<key>fileEncoding</key>
			<string>4</string>
			<key>isa</key>
			<string>PBXFileReference</string>
			<key>lastKnownFileType</key>
			<string>sourcecode.c.objc</string>
			<key>path</key>
			<string>RootViewController.m</string>
			<key>sourceTree</key>
			<string>&lt;group&gt;</string>
		</dict>
		<key>186781FD13743B88001D60A2</key>
		<dict>
			<key>fileRef</key>
			<string>186781FC13743B88001D60A2</string>
			<key>isa</key>
			<string>PBXBuildFile</string>
		</dict>
		<key>186781FE13743BC2001D60A2</key>
		<dict>
			<key>children</key>
			<array>
				<string>186781FF13743BC2001D60A2</string>
				<string>1867820013743BC2001D60A2</string>
				<string>1867820113743BC2001D60A2</string>
				<string>1867820213743BC2001D60A2</string>
				<string>1867820313743BC2001D60A2</string>
				<string>1867820413743BC2001D60A2</string>
				<string>1867820513743BC2001D60A2</string>
				<string>1867820613743BC2001D60A2</string>
				<string>1867820713743BC2001D60A2</string>
				<string>1867820813743BC2001D60A2</string>
				<string>1867820913743BC2001D60A2</string>
			</array>
			<key>isa</key>
			<string>PBXGroup</string>
			<key>path</key>
			<string>json-framework</string>
			<key>sourceTree</key>
			<string>&lt;group&gt;</string>
		</dict>
		<key>186781FF13743BC2001D60A2</key>
		<dict>
			<key>fileEncoding</key>
			<string>4</string>
			<key>isa</key>
			<string>PBXFileReference</string>
			<key>lastKnownFileType</key>
			<string>sourcecode.c.h</string>
			<key>path</key>
			<string>JSON.h</string>
			<key>sourceTree</key>
			<string>&lt;group&gt;</string>
		</dict>
		<key>1867820013743BC2001D60A2</key>
		<dict>
			<key>fileEncoding</key>
			<string>4</string>
			<key>isa</key>
			<string>PBXFileReference</string>
			<key>lastKnownFileType</key>
			<string>sourcecode.c.h</string>
			<key>path</key>
			<string>NSObject+SBJSON.h</string>
			<key>sourceTree</key>
			<string>&lt;group&gt;</string>
		</dict>
		<key>1867820113743BC2001D60A2</key>
		<dict>
			<key>fileEncoding</key>
			<string>4</string>
			<key>isa</key>
			<string>PBXFileReference</string>
			<key>lastKnownFileType</key>
			<string>sourcecode.c.objc</string>
			<key>path</key>
			<string>NSObject+SBJSON.m</string>
			<key>sourceTree</key>
			<string>&lt;group&gt;</string>
		</dict>
		<key>1867820213743BC2001D60A2</key>
		<dict>
			<key>fileEncoding</key>
			<string>4</string>
			<key>isa</key>
			<string>PBXFileReference</string>
			<key>lastKnownFileType</key>
			<string>sourcecode.c.h</string>
			<key>path</key>
			<string>NSString+SBJSON.h</string>
			<key>sourceTree</key>
			<string>&lt;group&gt;</string>
		</dict>
		<key>1867820313743BC2001D60A2</key>
		<dict>
			<key>fileEncoding</key>
			<string>4</string>
			<key>isa</key>
			<string>PBXFileReference</string>
			<key>lastKnownFileType</key>
			<string>sourcecode.c.objc</string>
			<key>path</key>
			<string>NSString+SBJSON.m</string>
			<key>sourceTree</key>
			<string>&lt;group&gt;</string>
		</dict>
		<key>1867820413743BC2001D60A2</key>
		<dict>
			<key>fileEncoding</key>
			<string>4</string>
			<key>isa</key>
			<string>PBXFileReference</string>
			<key>lastKnownFileType</key>
			<string>sourcecode.c.h</string>
			<key>path</key>
			<string>SBJsonBase.h</string>
			<key>sourceTree</key>
			<string>&lt;group&gt;</string>
		</dict>
		<key>1867820513743BC2001D60A2</key>
		<dict>
			<key>fileEncoding</key>
			<string>4</string>
			<key>isa</key>
			<string>PBXFileReference</string>
			<key>lastKnownFileType</key>
			<string>sourcecode.c.objc</string>
			<key>path</key>
			<string>SBJsonBase.m</string>
			<key>sourceTree</key>
			<string>&lt;group&gt;</string>
		</dict>
		<key>1867820613743BC2001D60A2</key>
		<dict>
			<key>fileEncoding</key>
			<string>4</string>
			<key>isa</key>
			<string>PBXFileReference</string>
			<key>lastKnownFileType</key>
			<string>sourcecode.c.h</string>
			<key>path</key>
			<string>SBJsonParser.h</string>
			<key>sourceTree</key>
			<string>&lt;group&gt;</string>
		</dict>
		<key>1867820713743BC2001D60A2</key>
		<dict>
			<key>fileEncoding</key>
			<string>4</string>
			<key>isa</key>
			<string>PBXFileReference</string>
			<key>lastKnownFileType</key>
			<string>sourcecode.c.objc</string>
			<key>path</key>
			<string>SBJsonParser.m</string>
			<key>sourceTree</key>
			<string>&lt;group&gt;</string>
		</dict>
		<key>1867820813743BC2001D60A2</key>
		<dict>
			<key>fileEncoding</key>
			<string>4</string>
			<key>isa</key>
			<string>PBXFileReference</string>
			<key>lastKnownFileType</key>
			<string>sourcecode.c.h</string>
			<key>path</key>
			<string>SBJsonWriter.h</string>
			<key>sourceTree</key>
			<string>&lt;group&gt;</string>
		</dict>
		<key>1867820913743BC2001D60A2</key>
		<dict>
			<key>fileEncoding</key>
			<string>4</string>
			<key>isa</key>
			<string>PBXFileReference</string>
			<key>lastKnownFileType</key>
			<string>sourcecode.c.objc</string>
			<key>path</key>
			<string>SBJsonWriter.m</string>
			<key>sourceTree</key>
			<string>&lt;group&gt;</string>
		</dict>
		<key>1867820A13743BC2001D60A2</key>
		<dict>
			<key>fileRef</key>
			<string>1867820113743BC2001D60A2</string>
			<key>isa</key>
			<string>PBXBuildFile</string>
		</dict>
		<key>1867820B13743BC2001D60A2</key>
		<dict>
			<key>fileRef</key>
			<string>1867820313743BC2001D60A2</string>
			<key>isa</key>
			<string>PBXBuildFile</string>
		</dict>
		<key>1867820C13743BC2001D60A2</key>
		<dict>
			<key>fileRef</key>
			<string>1867820513743BC2001D60A2</string>
			<key>isa</key>
			<string>PBXBuildFile</string>
		</dict>
		<key>1867820D13743BC2001D60A2</key>
		<dict>
			<key>fileRef</key>
			<string>1867820713743BC2001D60A2</string>
			<key>isa</key>
			<string>PBXBuildFile</string>
		</dict>
		<key>1867820E13743BC2001D60A2</key>
		<dict>
			<key>fileRef</key>
			<string>1867820913743BC2001D60A2</string>
			<key>isa</key>
			<string>PBXBuildFile</string>
		</dict>
		<key>1867820F13743BCD001D60A2</key>
		<dict>
			<key>children</key>
			<array>
				<string>1867821013743BCD001D60A2</string>
				<string>1867821113743BCD001D60A2</string>
			</array>
			<key>isa</key>
			<string>PBXGroup</string>
			<key>name</key>
			<string>SFHFKeychainUtils</string>
			<key>path</key>
			<string>security</string>
			<key>sourceTree</key>
			<string>&lt;group&gt;</string>
		</dict>
		<key>1867821013743BCD001D60A2</key>
		<dict>
			<key>fileEncoding</key>
			<string>4</string>
			<key>isa</key>
			<string>PBXFileReference</string>
			<key>lastKnownFileType</key>
			<string>sourcecode.c.h</string>
			<key>path</key>
			<string>SFHFKeychainUtils.h</string>
			<key>sourceTree</key>
			<string>&lt;group&gt;</string>
		</dict>
		<key>1867821113743BCD001D60A2</key>
		<dict>
			<key>fileEncoding</key>
			<string>4</string>
			<key>isa</key>
			<string>PBXFileReference</string>
			<key>lastKnownFileType</key>
			<string>sourcecode.c.objc</string>
			<key>path</key>
			<string>SFHFKeychainUtils.m</string>
			<key>sourceTree</key>
			<string>&lt;group&gt;</string>
		</dict>
		<key>1867821213743BCD001D60A2</key>
		<dict>
			<key>fileRef</key>
			<string>1867821113743BCD001D60A2</string>
			<key>isa</key>
			<string>PBXBuildFile</string>
		</dict>
		<key>1867821313743BDA001D60A2</key>
		<dict>
			<key>children</key>
			<array>
				<string>18E8ECDA137526E600F73ADA</string>
				<string>18E8ECD9137526E000F73ADA</string>
			</array>
			<key>isa</key>
			<string>PBXGroup</string>
			<key>name</key>
			<string>EGORefreshTableHeaderView</string>
			<key>path</key>
			<string>View</string>
			<key>sourceTree</key>
			<string>&lt;group&gt;</string>
		</dict>
		<key>1867821713743C01001D60A2</key>
		<dict>
			<key>isa</key>
			<string>PBXFileReference</string>
			<key>lastKnownFileType</key>
			<string>wrapper.framework</string>
			<key>name</key>
			<string>Security.framework</string>
			<key>path</key>
			<string>System/Library/Frameworks/Security.framework</string>
			<key>sourceTree</key>
			<string>SDKROOT</string>
		</dict>
		<key>1867821813743C01001D60A2</key>
		<dict>
			<key>fileRef</key>
			<string>1867821713743C01001D60A2</string>
			<key>isa</key>
			<string>PBXBuildFile</string>
		</dict>
		<key>1867821913743C08001D60A2</key>
		<dict>
			<key>isa</key>
			<string>PBXFileReference</string>
			<key>lastKnownFileType</key>
			<string>wrapper.framework</string>
			<key>name</key>
			<string>QuartzCore.framework</string>
			<key>path</key>
			<string>System/Library/Frameworks/QuartzCore.framework</string>
			<key>sourceTree</key>
			<string>SDKROOT</string>
		</dict>
		<key>1867821A13743C08001D60A2</key>
		<dict>
			<key>fileRef</key>
			<string>1867821913743C08001D60A2</string>
			<key>isa</key>
			<string>PBXBuildFile</string>
		</dict>
		<key>1867822313744C44001D60A2</key>
		<dict>
			<key>fileEncoding</key>
			<string>4</string>
			<key>isa</key>
			<string>PBXFileReference</string>
			<key>lastKnownFileType</key>
			<string>sourcecode.c.h</string>
			<key>path</key>
			<string>WebViewController.h</string>
			<key>sourceTree</key>
			<string>&lt;group&gt;</string>
		</dict>
		<key>1867822413744C44001D60A2</key>
		<dict>
			<key>fileEncoding</key>
			<string>4</string>
			<key>isa</key>
			<string>PBXFileReference</string>
			<key>lastKnownFileType</key>
			<string>sourcecode.c.objc</string>
			<key>path</key>
			<string>WebViewController.m</string>
			<key>sourceTree</key>
			<string>&lt;group&gt;</string>
		</dict>
		<key>1867822513744C44001D60A2</key>
		<dict>
			<key>fileRef</key>
			<string>1867822413744C44001D60A2</string>
			<key>isa</key>
			<string>PBXBuildFile</string>
		</dict>
		<key>187AE793141DEF560065D960</key>
		<dict>
			<key>children</key>
			<array>
				<string>187AE795141DEFFA0065D960</string>
				<string>187AE796141DEFFA0065D960</string>
			</array>
			<key>isa</key>
			<string>PBXGroup</string>
			<key>name</key>
			<string>models</string>
			<key>sourceTree</key>
			<string>&lt;group&gt;</string>
		</dict>
		<key>187AE795141DEFFA0065D960</key>
		<dict>
			<key>fileEncoding</key>
			<string>4</string>
			<key>isa</key>
			<string>PBXFileReference</string>
			<key>lastKnownFileType</key>
			<string>sourcecode.c.h</string>
			<key>path</key>
			<string>Article.h</string>
			<key>sourceTree</key>
			<string>&lt;group&gt;</string>
		</dict>
		<key>187AE796141DEFFA0065D960</key>
		<dict>
			<key>fileEncoding</key>
			<string>4</string>
			<key>isa</key>
			<string>PBXFileReference</string>
			<key>lastKnownFileType</key>
			<string>sourcecode.c.objc</string>
			<key>path</key>
			<string>Article.m</string>
			<key>sourceTree</key>
			<string>&lt;group&gt;</string>
		</dict>
		<key>187AE797141DEFFA0065D960</key>
		<dict>
			<key>fileRef</key>
			<string>187AE796141DEFFA0065D960</string>
			<key>isa</key>
			<string>PBXBuildFile</string>
		</dict>
		<key>187AE7B8141DFD6F0065D960</key>
		<dict>
			<key>fileEncoding</key>
			<string>4</string>
			<key>isa</key>
			<string>PBXFileReference</string>
			<key>lastKnownFileType</key>
			<string>sourcecode.c.h</string>
			<key>path</key>
			<string>RecentArticleViewController.h</string>
			<key>sourceTree</key>
			<string>&lt;group&gt;</string>
		</dict>
		<key>187AE7B9141DFD6F0065D960</key>
		<dict>
			<key>fileEncoding</key>
			<string>4</string>
			<key>isa</key>
			<string>PBXFileReference</string>
			<key>lastKnownFileType</key>
			<string>sourcecode.c.objc</string>
			<key>path</key>
			<string>RecentArticleViewController.m</string>
			<key>sourceTree</key>
			<string>&lt;group&gt;</string>
		</dict>
		<key>187AE7BA141DFD6F0065D960</key>
		<dict>
			<key>fileEncoding</key>
			<string>4</string>
			<key>isa</key>
			<string>PBXFileReference</string>
			<key>lastKnownFileType</key>
			<string>file.xib</string>
			<key>path</key>
			<string>RecentArticleViewController.xib</string>
			<key>sourceTree</key>
			<string>&lt;group&gt;</string>
		</dict>
		<key>187AE7BB141DFD6F0065D960</key>
		<dict>
			<key>fileRef</key>
			<string>187AE7B9141DFD6F0065D960</string>
			<key>isa</key>
			<string>PBXBuildFile</string>
		</dict>
		<key>187AE7BC141DFD6F0065D960</key>
		<dict>
			<key>fileRef</key>
			<string>187AE7BA141DFD6F0065D960</string>
			<key>isa</key>
			<string>PBXBuildFile</string>
		</dict>
		<key>1899888B141E1822006FB745</key>
		<dict>
			<key>fileEncoding</key>
			<string>4</string>
			<key>isa</key>
			<string>PBXFileReference</string>
			<key>lastKnownFileType</key>
			<string>file.xib</string>
			<key>path</key>
			<string>WebViewController.xib</string>
			<key>sourceTree</key>
			<string>&lt;group&gt;</string>
		</dict>
		<key>1899888C141E1822006FB745</key>
		<dict>
			<key>fileRef</key>
			<string>1899888B141E1822006FB745</string>
			<key>isa</key>
			<string>PBXBuildFile</string>
		</dict>
		<key>18AE580B141D1B0100C71E23</key>
		<dict>
			<key>fileEncoding</key>
			<string>4</string>
			<key>isa</key>
			<string>PBXFileReference</string>
			<key>lastKnownFileType</key>
			<string>sourcecode.c.h</string>
			<key>path</key>
			<string>Buzzurl.h</string>
			<key>sourceTree</key>
			<string>&lt;group&gt;</string>
		</dict>
		<key>18AE580C141D1B0100C71E23</key>
		<dict>
			<key>fileEncoding</key>
			<string>4</string>
			<key>isa</key>
			<string>PBXFileReference</string>
			<key>lastKnownFileType</key>
			<string>sourcecode.c.objc</string>
			<key>path</key>
			<string>Buzzurl.m</string>
			<key>sourceTree</key>
			<string>&lt;group&gt;</string>
		</dict>
		<key>18AE580D141D1B0100C71E23</key>
		<dict>
			<key>fileRef</key>
			<string>18AE580C141D1B0100C71E23</string>
			<key>isa</key>
			<string>PBXBuildFile</string>
		</dict>
		<key>18C0BDBB141E3F7D004448BF</key>
		<dict>
			<key>fileEncoding</key>
			<string>4</string>
			<key>isa</key>
			<string>PBXFileReference</string>
			<key>lastKnownFileType</key>
			<string>sourcecode.c.h</string>
			<key>path</key>
			<string>AdMakerDelegate.h</string>
			<key>sourceTree</key>
			<string>&lt;group&gt;</string>
		</dict>
		<key>18C0BDBC141E3F7D004448BF</key>
		<dict>
			<key>fileEncoding</key>
			<string>4</string>
			<key>isa</key>
			<string>PBXFileReference</string>
			<key>lastKnownFileType</key>
			<string>sourcecode.c.h</string>
			<key>path</key>
			<string>AdMakerView.h</string>
			<key>sourceTree</key>
			<string>&lt;group&gt;</string>
		</dict>
		<key>18C0BDBD141E3F7D004448BF</key>
		<dict>
			<key>isa</key>
			<string>PBXFileReference</string>
			<key>lastKnownFileType</key>
			<string>archive.ar</string>
			<key>path</key>
			<string>libAdMaker.a</string>
			<key>sourceTree</key>
			<string>&lt;group&gt;</string>
		</dict>
		<key>18C0BDBF141E42F5004448BF</key>
		<dict>
			<key>children</key>
			<array>
				<string>18C0BDC0141E4337004448BF</string>
				<string>18C0BDC1141E4337004448BF</string>
			</array>
			<key>isa</key>
			<string>PBXGroup</string>
			<key>name</key>
			<string>TDBadgedCell</string>
			<key>sourceTree</key>
			<string>&lt;group&gt;</string>
		</dict>
		<key>18C0BDC0141E4337004448BF</key>
		<dict>
			<key>fileEncoding</key>
			<string>4</string>
			<key>isa</key>
			<string>PBXFileReference</string>
			<key>lastKnownFileType</key>
			<string>sourcecode.c.h</string>
			<key>path</key>
			<string>TDBadgedCell.h</string>
			<key>sourceTree</key>
			<string>&lt;group&gt;</string>
		</dict>
		<key>18C0BDC1141E4337004448BF</key>
		<dict>
			<key>fileEncoding</key>
			<string>4</string>
			<key>isa</key>
			<string>PBXFileReference</string>
			<key>lastKnownFileType</key>
			<string>sourcecode.c.objc</string>
			<key>path</key>
			<string>TDBadgedCell.m</string>
			<key>sourceTree</key>
			<string>&lt;group&gt;</string>
		</dict>
		<key>18C0BDC2141E4337004448BF</key>
		<dict>
			<key>fileRef</key>
			<string>18C0BDC1141E4337004448BF</string>
			<key>isa</key>
			<string>PBXBuildFile</string>
		</dict>
		<key>18C9304B13757F5A006F5DD3</key>
		<dict>
			<key>fileRef</key>
			<string>18C9304C13757F5A006F5DD3</string>
			<key>isa</key>
			<string>PBXBuildFile</string>
		</dict>
		<key>18C9304C13757F5A006F5DD3</key>
		<dict>
			<key>isa</key>
			<string>PBXFileReference</string>
			<key>lastKnownFileType</key>
			<string>file.xib</string>
			<key>path</key>
			<string>RootViewController.xib</string>
			<key>sourceTree</key>
			<string>&lt;group&gt;</string>
		</dict>
		<key>18C9304E13757F63006F5DD3</key>
		<dict>
			<key>fileRef</key>
			<string>18C9304F13757F63006F5DD3</string>
			<key>isa</key>
			<string>PBXBuildFile</string>
		</dict>
		<key>18C9304F13757F63006F5DD3</key>
		<dict>
			<key>isa</key>
			<string>PBXFileReference</string>
			<key>lastKnownFileType</key>
			<string>file.xib</string>
			<key>path</key>
			<string>MainWindow.xib</string>
			<key>sourceTree</key>
			<string>&lt;group&gt;</string>
		</dict>
		<key>18C93061137581B9006F5DD3</key>
		<dict>
			<key>buildSettings</key>
			<dict>
				<key>ARCHS</key>
				<array>
					<string>armv7</string>
					<string>armv6</string>
				</array>
				<key>CODE_SIGN_ENTITLEMENTS</key>
				<string>Entitlements.plist</string>
				<key>CODE_SIGN_IDENTITY</key>
				<string>iPhone Distribution: Tatsuya Arai</string>
				<key>CODE_SIGN_RESOURCE_RULES_PATH</key>
				<string></string>
				<key>GCC_C_LANGUAGE_STANDARD</key>
				<string>gnu99</string>
				<key>GCC_VERSION</key>
				<string></string>
				<key>GCC_WARN_ABOUT_RETURN_TYPE</key>
				<string>YES</string>
				<key>GCC_WARN_UNUSED_VARIABLE</key>
				<string>YES</string>
				<key>IPHONEOS_DEPLOYMENT_TARGET</key>
				<string>4.3</string>
				<key>ONLY_ACTIVE_ARCH</key>
				<string>NO</string>
				<key>OTHER_CFLAGS</key>
				<string>-DNS_BLOCK_ASSERTIONS=1</string>
				<key>PROVISIONING_PROFILE</key>
				<string>FA7BA544-2252-4CE2-AF5F-8AAF381E6459</string>
				<key>SDKROOT</key>
				<string>iphoneos</string>
			</dict>
			<key>isa</key>
			<string>XCBuildConfiguration</string>
			<key>name</key>
			<string>AdHoc</string>
		</dict>
		<key>18C93062137581B9006F5DD3</key>
		<dict>
			<key>baseConfigurationReference</key>
			<string>29A65A7FEFE540DEA8ED603E</string>
			<key>buildSettings</key>
			<dict>
				<key>ALWAYS_SEARCH_USER_PATHS</key>
				<string>NO</string>
				<key>CODE_SIGN_IDENTITY</key>
				<string>iPhone Developer</string>
				<key>CODE_SIGN_IDENTITY[sdk=iphoneos*]</key>
				<string>iPhone Developer</string>
				<key>COPY_PHASE_STRIP</key>
				<string>YES</string>
				<key>FRAMEWORK_SEARCH_PATHS</key>
				<array>
					<string>$(inherited)</string>
					<string>"$(SRCROOT)"</string>
				</array>
				<key>GCC_PRECOMPILE_PREFIX_HEADER</key>
				<string>YES</string>
				<key>GCC_PREFIX_HEADER</key>
				<string>Buzzurl touch/Buzzurl touch-Prefix.pch</string>
				<key>INFOPLIST_FILE</key>
				<string>Buzzurl touch/Buzzurl touch-Info.plist</string>
				<key>IPHONEOS_DEPLOYMENT_TARGET</key>
				<string>4.3</string>
				<key>LIBRARY_SEARCH_PATHS</key>
				<array>
					<string>$(inherited)</string>
					<string>"$(SRCROOT)/Buzzurl touch"</string>
				</array>
				<key>PRODUCT_NAME</key>
				<string>$(TARGET_NAME)</string>
				<key>PROVISIONING_PROFILE</key>
				<string></string>
				<key>TARGETED_DEVICE_FAMILY</key>
				<string>1</string>
				<key>VALIDATE_PRODUCT</key>
				<string>YES</string>
				<key>WRAPPER_EXTENSION</key>
				<string>app</string>
			</dict>
			<key>isa</key>
			<string>XCBuildConfiguration</string>
			<key>name</key>
			<string>AdHoc</string>
		</dict>
		<key>18C93063137581C1006F5DD3</key>
		<dict>
			<key>buildSettings</key>
			<dict>
				<key>ARCHS</key>
				<array>
					<string>armv7</string>
					<string>armv6</string>
				</array>
				<key>CODE_SIGN_ENTITLEMENTS</key>
				<string>Entitlements.plist</string>
				<key>CODE_SIGN_IDENTITY</key>
				<string>iPhone Distribution: Tatsuya Arai</string>
				<key>CODE_SIGN_IDENTITY[sdk=iphoneos*]</key>
				<string>iPhone Distribution: Tatsuya Arai</string>
				<key>CODE_SIGN_RESOURCE_RULES_PATH</key>
				<string></string>
				<key>GCC_C_LANGUAGE_STANDARD</key>
				<string>gnu99</string>
				<key>GCC_VERSION</key>
				<string></string>
				<key>GCC_WARN_ABOUT_RETURN_TYPE</key>
				<string>YES</string>
				<key>GCC_WARN_UNUSED_VARIABLE</key>
				<string>YES</string>
				<key>IPHONEOS_DEPLOYMENT_TARGET</key>
				<string>4.3</string>
				<key>ONLY_ACTIVE_ARCH</key>
				<string>NO</string>
				<key>OTHER_CFLAGS</key>
				<string>-DNS_BLOCK_ASSERTIONS=1</string>
				<key>PROVISIONING_PROFILE</key>
				<string>85B39DA0-6E9D-453E-946B-9CEBEBA7E06E</string>
				<key>PROVISIONING_PROFILE[sdk=iphoneos*]</key>
				<string>85B39DA0-6E9D-453E-946B-9CEBEBA7E06E</string>
				<key>SDKROOT</key>
				<string>iphoneos</string>
			</dict>
			<key>isa</key>
			<string>XCBuildConfiguration</string>
			<key>name</key>
			<string>AppStore</string>
		</dict>
		<key>18C93064137581C1006F5DD3</key>
		<dict>
			<key>baseConfigurationReference</key>
			<string>29A65A7FEFE540DEA8ED603E</string>
			<key>buildSettings</key>
			<dict>
				<key>ALWAYS_SEARCH_USER_PATHS</key>
				<string>NO</string>
				<key>CODE_SIGN_IDENTITY</key>
				<string>iPhone Developer</string>
				<key>CODE_SIGN_IDENTITY[sdk=iphoneos*]</key>
				<string>iPhone Developer</string>
				<key>COPY_PHASE_STRIP</key>
				<string>YES</string>
				<key>FRAMEWORK_SEARCH_PATHS</key>
				<array>
					<string>$(inherited)</string>
					<string>"$(SRCROOT)"</string>
				</array>
				<key>GCC_PRECOMPILE_PREFIX_HEADER</key>
				<string>YES</string>
				<key>GCC_PREFIX_HEADER</key>
				<string>Buzzurl touch/Buzzurl touch-Prefix.pch</string>
				<key>INFOPLIST_FILE</key>
				<string>Buzzurl touch/Buzzurl touch-Info.plist</string>
				<key>IPHONEOS_DEPLOYMENT_TARGET</key>
				<string>4.3</string>
				<key>LIBRARY_SEARCH_PATHS</key>
				<array>
					<string>$(inherited)</string>
					<string>"$(SRCROOT)/Buzzurl touch"</string>
				</array>
				<key>PRODUCT_NAME</key>
				<string>$(TARGET_NAME)</string>
				<key>PROVISIONING_PROFILE</key>
				<string></string>
				<key>PROVISIONING_PROFILE[sdk=iphoneos*]</key>
				<string>85B39DA0-6E9D-453E-946B-9CEBEBA7E06E</string>
				<key>TARGETED_DEVICE_FAMILY</key>
				<string>1</string>
				<key>VALIDATE_PRODUCT</key>
				<string>YES</string>
				<key>WRAPPER_EXTENSION</key>
				<string>app</string>
			</dict>
			<key>isa</key>
			<string>XCBuildConfiguration</string>
			<key>name</key>
			<string>AppStore</string>
		</dict>
		<key>18DB9DFF158CCD13004BD300</key>
		<dict>
			<key>children</key>
			<array>
				<string>18DB9E00158CCD13004BD300</string>
				<string>18DB9E01158CCD13004BD300</string>
				<string>18DB9E02158CCD13004BD300</string>
				<string>18DB9E03158CCD13004BD300</string>
			</array>
			<key>isa</key>
			<string>PBXGroup</string>
			<key>path</key>
			<string>AAMFeedback</string>
			<key>sourceTree</key>
			<string>&lt;group&gt;</string>
		</dict>
		<key>18DB9E00158CCD13004BD300</key>
		<dict>
			<key>fileEncoding</key>
			<string>4</string>
			<key>isa</key>
			<string>PBXFileReference</string>
			<key>lastKnownFileType</key>
			<string>sourcecode.c.h</string>
			<key>path</key>
			<string>AAMFeedbackTopicsViewController.h</string>
			<key>sourceTree</key>
			<string>&lt;group&gt;</string>
		</dict>
		<key>18DB9E01158CCD13004BD300</key>
		<dict>
			<key>fileEncoding</key>
			<string>4</string>
			<key>isa</key>
			<string>PBXFileReference</string>
			<key>lastKnownFileType</key>
			<string>sourcecode.c.objc</string>
			<key>path</key>
			<string>AAMFeedbackTopicsViewController.m</string>
			<key>sourceTree</key>
			<string>&lt;group&gt;</string>
		</dict>
		<key>18DB9E02158CCD13004BD300</key>
		<dict>
			<key>fileEncoding</key>
			<string>4</string>
			<key>isa</key>
			<string>PBXFileReference</string>
			<key>lastKnownFileType</key>
			<string>sourcecode.c.h</string>
			<key>path</key>
			<string>AAMFeedbackViewController.h</string>
			<key>sourceTree</key>
			<string>&lt;group&gt;</string>
		</dict>
		<key>18DB9E03158CCD13004BD300</key>
		<dict>
			<key>fileEncoding</key>
			<string>4</string>
			<key>isa</key>
			<string>PBXFileReference</string>
			<key>lastKnownFileType</key>
			<string>sourcecode.c.objc</string>
			<key>path</key>
			<string>AAMFeedbackViewController.m</string>
			<key>sourceTree</key>
			<string>&lt;group&gt;</string>
		</dict>
		<key>18DB9E04158CCD13004BD300</key>
		<dict>
			<key>fileRef</key>
			<string>18DB9E01158CCD13004BD300</string>
			<key>isa</key>
			<string>PBXBuildFile</string>
		</dict>
		<key>18DB9E05158CCD13004BD300</key>
		<dict>
			<key>fileRef</key>
			<string>18DB9E03158CCD13004BD300</string>
			<key>isa</key>
			<string>PBXBuildFile</string>
		</dict>
		<key>18DB9E07158CCD7B004BD300</key>
		<dict>
			<key>isa</key>
			<string>PBXFileReference</string>
			<key>lastKnownFileType</key>
			<string>wrapper.framework</string>
			<key>name</key>
			<string>MessageUI.framework</string>
			<key>path</key>
			<string>System/Library/Frameworks/MessageUI.framework</string>
			<key>sourceTree</key>
			<string>SDKROOT</string>
		</dict>
		<key>18DB9E08158CCD7B004BD300</key>
		<dict>
			<key>fileRef</key>
			<string>18DB9E07158CCD7B004BD300</string>
			<key>isa</key>
			<string>PBXBuildFile</string>
		</dict>
		<key>18E8ECD8137526E000F73ADA</key>
		<dict>
			<key>fileRef</key>
			<string>18E8ECD9137526E000F73ADA</string>
			<key>isa</key>
			<string>PBXBuildFile</string>
		</dict>
		<key>18E8ECD9137526E000F73ADA</key>
		<dict>
			<key>isa</key>
			<string>PBXFileReference</string>
			<key>lastKnownFileType</key>
			<string>sourcecode.c.objc</string>
			<key>path</key>
			<string>EGORefreshTableHeaderView.m</string>
			<key>sourceTree</key>
			<string>&lt;group&gt;</string>
		</dict>
		<key>18E8ECDA137526E600F73ADA</key>
		<dict>
			<key>isa</key>
			<string>PBXFileReference</string>
			<key>lastKnownFileType</key>
			<string>sourcecode.c.h</string>
			<key>path</key>
			<string>EGORefreshTableHeaderView.h</string>
			<key>sourceTree</key>
			<string>&lt;group&gt;</string>
		</dict>
		<key>29A65A7FEFE540DEA8ED603E</key>
		<dict>
			<key>includeInIndex</key>
			<string>1</string>
			<key>isa</key>
			<string>PBXFileReference</string>
			<key>lastKnownFileType</key>
			<string>text.xcconfig</string>
			<key>name</key>
			<string>Pods.xcconfig</string>
			<key>path</key>
			<string>Pods/Pods.xcconfig</string>
			<key>sourceTree</key>
			<string>&lt;group&gt;</string>
		</dict>
		<key>3188F17C38594A4CB31FA425</key>
		<dict>
			<key>buildActionMask</key>
			<string>2147483647</string>
			<key>files</key>
			<array/>
			<key>inputPaths</key>
			<array/>
			<key>isa</key>
			<string>PBXShellScriptBuildPhase</string>
			<key>name</key>
			<string>Check Pods Manifest.lock</string>
			<key>outputPaths</key>
			<array/>
			<key>runOnlyForDeploymentPostprocessing</key>
			<string>0</string>
			<key>shellPath</key>
			<string>/bin/sh</string>
			<key>shellScript</key>
			<string>diff "${PODS_ROOT}/../Podfile.lock" "${PODS_ROOT}/Manifest.lock" &gt; /dev/null
if [[ $? != 0 ]] ; then
    cat &lt;&lt; EOM
error: The sandbox is not in sync with the Podfile.lock. Run 'pod install' or update your CocoaPods installation.
EOM
    exit 1
fi
</string>
			<key>showEnvVarsInLog</key>
			<string>0</string>
		</dict>
		<key>67E887D94A3B4828899FB7EB</key>
		<dict>
			<key>buildActionMask</key>
			<string>2147483647</string>
			<key>files</key>
			<array/>
			<key>inputPaths</key>
			<array/>
			<key>isa</key>
			<string>PBXShellScriptBuildPhase</string>
			<key>name</key>
			<string>Copy Pods Resources</string>
			<key>outputPaths</key>
			<array/>
			<key>runOnlyForDeploymentPostprocessing</key>
			<string>0</string>
			<key>shellPath</key>
			<string>/bin/sh</string>
			<key>shellScript</key>
			<string>"${SRCROOT}/Pods/Pods-resources.sh"
</string>
			<key>showEnvVarsInLog</key>
			<string>0</string>
		</dict>
		<key>8524C0EF58B5461D93707D4C</key>
		<dict>
			<key>explicitFileType</key>
			<string>archive.ar</string>
			<key>includeInIndex</key>
			<string>0</string>
			<key>isa</key>
			<string>PBXFileReference</string>
			<key>path</key>
			<string>libPods.a</string>
			<key>sourceTree</key>
			<string>BUILT_PRODUCTS_DIR</string>
		</dict>
		<key>8EBF75B949F0455EB13F2267</key>
		<dict>
			<key>fileRef</key>
			<string>8524C0EF58B5461D93707D4C</string>
			<key>isa</key>
			<string>PBXBuildFile</string>
		</dict>
	</dict>
	<key>rootObject</key>
	<string>186781BF13743AF0001D60A2</string>
</dict>
</plist>
