// !$*UTF8*$!
{
	archiveVersion = 1;
	classes = {
	};
	objectVersion = 46;
	objects = {

/* Begin PBXBuildFile section */
		18078F1A1912744A008693F5 /* XCTest.framework in Frameworks */ = {isa = PBXBuildFile; fileRef = 18078F011912725D008693F5 /* XCTest.framework */; };
		18078F1B1912744B008693F5 /* Foundation.framework in Frameworks */ = {isa = PBXBuildFile; fileRef = 186781CE13743AF0001D60A2 /* Foundation.framework */; };
		18078F1C1912744B008693F5 /* UIKit.framework in Frameworks */ = {isa = PBXBuildFile; fileRef = 186781CC13743AF0001D60A2 /* UIKit.framework */; };
		18078F221912744B008693F5 /* InfoPlist.strings in Resources */ = {isa = PBXBuildFile; fileRef = 18078F201912744B008693F5 /* InfoPlist.strings */; };
		18078F241912744B008693F5 /* BuzzurlTouch_Tests.m in Sources */ = {isa = PBXBuildFile; fileRef = 18078F231912744B008693F5 /* BuzzurlTouch_Tests.m */; };
		18145E471614A5B400596AD7 /* Default-568h@2x.png in Resources */ = {isa = PBXBuildFile; fileRef = 18145E461614A5B400596AD7 /* Default-568h@2x.png */; };
		18391BE8150B231A008207C0 /* UIColor+NSString.m in Sources */ = {isa = PBXBuildFile; fileRef = 18391BE7150B231A008207C0 /* UIColor+NSString.m */; };
		185082641375884E0020EED0 /* blueArrow.png in Resources */ = {isa = PBXBuildFile; fileRef = 185082551375884E0020EED0 /* blueArrow.png */; };
		185082651375884E0020EED0 /* blueArrow@2x.png in Resources */ = {isa = PBXBuildFile; fileRef = 185082561375884E0020EED0 /* blueArrow@2x.png */; };
		185082681375884E0020EED0 /* Icon-72.png in Resources */ = {isa = PBXBuildFile; fileRef = 185082591375884E0020EED0 /* Icon-72.png */; };
		185082691375884E0020EED0 /* Icon-Small-50.png in Resources */ = {isa = PBXBuildFile; fileRef = 1850825A1375884E0020EED0 /* Icon-Small-50.png */; };
		1850826A1375884E0020EED0 /* Icon-Small.png in Resources */ = {isa = PBXBuildFile; fileRef = 1850825B1375884E0020EED0 /* Icon-Small.png */; };
		1850826B1375884E0020EED0 /* Icon-Small@2x.png in Resources */ = {isa = PBXBuildFile; fileRef = 1850825C1375884E0020EED0 /* Icon-Small@2x.png */; };
		1850826C1375884E0020EED0 /* Icon.png in Resources */ = {isa = PBXBuildFile; fileRef = 1850825D1375884E0020EED0 /* Icon.png */; };
		1850826D1375884E0020EED0 /* Icon@2x.png in Resources */ = {isa = PBXBuildFile; fileRef = 1850825E1375884E0020EED0 /* Icon@2x.png */; };
		1850826E1375884E0020EED0 /* iconBrowseNext.png in Resources */ = {isa = PBXBuildFile; fileRef = 1850825F1375884E0020EED0 /* iconBrowseNext.png */; };
		1850826F1375884E0020EED0 /* iconBrowseNext@2x.png in Resources */ = {isa = PBXBuildFile; fileRef = 185082601375884E0020EED0 /* iconBrowseNext@2x.png */; };
		185082701375884E0020EED0 /* iconBrowsePrev.png in Resources */ = {isa = PBXBuildFile; fileRef = 185082611375884E0020EED0 /* iconBrowsePrev.png */; };
		185082711375884E0020EED0 /* iconBrowsePrev@2x.png in Resources */ = {isa = PBXBuildFile; fileRef = 185082621375884E0020EED0 /* iconBrowsePrev@2x.png */; };
		185082721375884E0020EED0 /* iTunesArtwork in Resources */ = {isa = PBXBuildFile; fileRef = 185082631375884E0020EED0 /* iTunesArtwork */; };
		18508275137588E00020EED0 /* Localizable.strings in Resources */ = {isa = PBXBuildFile; fileRef = 18508273137588E00020EED0 /* Localizable.strings */; };
		18508278137595890020EED0 /* Entitlements.plist in Resources */ = {isa = PBXBuildFile; fileRef = 18508277137595890020EED0 /* Entitlements.plist */; };
		1851BFB6185368CB00AFA9C8 /* Default@2x.png in Resources */ = {isa = PBXBuildFile; fileRef = 1851BFB5185368CB00AFA9C8 /* Default@2x.png */; };
		186781CD13743AF0001D60A2 /* UIKit.framework in Frameworks */ = {isa = PBXBuildFile; fileRef = 186781CC13743AF0001D60A2 /* UIKit.framework */; };
		186781CF13743AF0001D60A2 /* Foundation.framework in Frameworks */ = {isa = PBXBuildFile; fileRef = 186781CE13743AF0001D60A2 /* Foundation.framework */; };
		186781D113743AF0001D60A2 /* CoreGraphics.framework in Frameworks */ = {isa = PBXBuildFile; fileRef = 186781D013743AF0001D60A2 /* CoreGraphics.framework */; };
		186781D713743AF0001D60A2 /* InfoPlist.strings in Resources */ = {isa = PBXBuildFile; fileRef = 186781D513743AF0001D60A2 /* InfoPlist.strings */; };
		186781DA13743AF0001D60A2 /* main.m in Sources */ = {isa = PBXBuildFile; fileRef = 186781D913743AF0001D60A2 /* main.m */; };
		186781DD13743AF0001D60A2 /* Buzzurl_touchAppDelegate.m in Sources */ = {isa = PBXBuildFile; fileRef = 186781DC13743AF0001D60A2 /* Buzzurl_touchAppDelegate.m */; };
		186781EF13743B0B001D60A2 /* SettingsViewController.m in Sources */ = {isa = PBXBuildFile; fileRef = 186781ED13743B0B001D60A2 /* SettingsViewController.m */; };
		186781F013743B0B001D60A2 /* SettingsViewController.xib in Resources */ = {isa = PBXBuildFile; fileRef = 186781EE13743B0B001D60A2 /* SettingsViewController.xib */; };
		186781FD13743B88001D60A2 /* RootViewController.m in Sources */ = {isa = PBXBuildFile; fileRef = 186781FC13743B88001D60A2 /* RootViewController.m */; };
		1867820A13743BC2001D60A2 /* NSObject+SBJSON.m in Sources */ = {isa = PBXBuildFile; fileRef = 1867820113743BC2001D60A2 /* NSObject+SBJSON.m */; };
		1867820B13743BC2001D60A2 /* NSString+SBJSON.m in Sources */ = {isa = PBXBuildFile; fileRef = 1867820313743BC2001D60A2 /* NSString+SBJSON.m */; };
		1867820C13743BC2001D60A2 /* SBJsonBase.m in Sources */ = {isa = PBXBuildFile; fileRef = 1867820513743BC2001D60A2 /* SBJsonBase.m */; };
		1867820D13743BC2001D60A2 /* SBJsonParser.m in Sources */ = {isa = PBXBuildFile; fileRef = 1867820713743BC2001D60A2 /* SBJsonParser.m */; };
		1867820E13743BC2001D60A2 /* SBJsonWriter.m in Sources */ = {isa = PBXBuildFile; fileRef = 1867820913743BC2001D60A2 /* SBJsonWriter.m */; };
		1867821813743C01001D60A2 /* Security.framework in Frameworks */ = {isa = PBXBuildFile; fileRef = 1867821713743C01001D60A2 /* Security.framework */; };
		1867821A13743C08001D60A2 /* QuartzCore.framework in Frameworks */ = {isa = PBXBuildFile; fileRef = 1867821913743C08001D60A2 /* QuartzCore.framework */; };
		1867822513744C44001D60A2 /* WebViewController.m in Sources */ = {isa = PBXBuildFile; fileRef = 1867822413744C44001D60A2 /* WebViewController.m */; };
		18757127184F76BB0019741B /* Images.xcassets in Resources */ = {isa = PBXBuildFile; fileRef = 18757126184F76BB0019741B /* Images.xcassets */; };
		187AE797141DEFFA0065D960 /* Article.m in Sources */ = {isa = PBXBuildFile; fileRef = 187AE796141DEFFA0065D960 /* Article.m */; };
		187AE7BB141DFD6F0065D960 /* RecentArticleViewController.m in Sources */ = {isa = PBXBuildFile; fileRef = 187AE7B9141DFD6F0065D960 /* RecentArticleViewController.m */; };
		187AE7BC141DFD6F0065D960 /* RecentArticleViewController.xib in Resources */ = {isa = PBXBuildFile; fileRef = 187AE7BA141DFD6F0065D960 /* RecentArticleViewController.xib */; };
		1899888C141E1822006FB745 /* WebViewController.xib in Resources */ = {isa = PBXBuildFile; fileRef = 1899888B141E1822006FB745 /* WebViewController.xib */; };
		18AE580D141D1B0100C71E23 /* Buzzurl.m in Sources */ = {isa = PBXBuildFile; fileRef = 18AE580C141D1B0100C71E23 /* Buzzurl.m */; };
		18C9304B13757F5A006F5DD3 /* RootViewController.xib in Resources */ = {isa = PBXBuildFile; fileRef = 18C9304C13757F5A006F5DD3 /* RootViewController.xib */; };
		18C9304E13757F63006F5DD3 /* MainWindow.xib in Resources */ = {isa = PBXBuildFile; fileRef = 18C9304F13757F63006F5DD3 /* MainWindow.xib */; };
		18DB9E08158CCD7B004BD300 /* MessageUI.framework in Frameworks */ = {isa = PBXBuildFile; fileRef = 18DB9E07158CCD7B004BD300 /* MessageUI.framework */; };
		8EBF75B949F0455EB13F2267 /* libPods.a in Frameworks */ = {isa = PBXBuildFile; fileRef = 8524C0EF58B5461D93707D4C /* libPods.a */; };
/* End PBXBuildFile section */

/* Begin PBXContainerItemProxy section */
		18078F261912744B008693F5 /* PBXContainerItemProxy */ = {
			isa = PBXContainerItemProxy;
			containerPortal = 186781BF13743AF0001D60A2 /* Project object */;
			proxyType = 1;
			remoteGlobalIDString = 186781C713743AF0001D60A2;
			remoteInfo = BuzzurlTouch;
		};
/* End PBXContainerItemProxy section */

/* Begin PBXFileReference section */
		18078F011912725D008693F5 /* XCTest.framework */ = {isa = PBXFileReference; lastKnownFileType = wrapper.framework; name = XCTest.framework; path = Library/Frameworks/XCTest.framework; sourceTree = DEVELOPER_DIR; };
		18078F191912744A008693F5 /* BuzzurlTouch Tests.xctest */ = {isa = PBXFileReference; explicitFileType = wrapper.cfbundle; includeInIndex = 0; path = "BuzzurlTouch Tests.xctest"; sourceTree = BUILT_PRODUCTS_DIR; };
		18078F1F1912744B008693F5 /* BuzzurlTouch Tests-Info.plist */ = {isa = PBXFileReference; lastKnownFileType = text.plist.xml; path = "BuzzurlTouch Tests-Info.plist"; sourceTree = "<group>"; };
		18078F211912744B008693F5 /* en */ = {isa = PBXFileReference; lastKnownFileType = text.plist.strings; name = en; path = en.lproj/InfoPlist.strings; sourceTree = "<group>"; };
		18078F231912744B008693F5 /* BuzzurlTouch_Tests.m */ = {isa = PBXFileReference; lastKnownFileType = sourcecode.c.objc; path = BuzzurlTouch_Tests.m; sourceTree = "<group>"; };
		18078F251912744B008693F5 /* BuzzurlTouch Tests-Prefix.pch */ = {isa = PBXFileReference; lastKnownFileType = sourcecode.c.h; path = "BuzzurlTouch Tests-Prefix.pch"; sourceTree = "<group>"; };
		18145E461614A5B400596AD7 /* Default-568h@2x.png */ = {isa = PBXFileReference; lastKnownFileType = image.png; name = "Default-568h@2x.png"; path = "images/Default-568h@2x.png"; sourceTree = "<group>"; };
		18145E4A1614B40E00596AD7 /* Crashlytics.framework */ = {isa = PBXFileReference; lastKnownFileType = wrapper.framework; path = Crashlytics.framework; sourceTree = "<group>"; };
		18391BE6150B2319008207C0 /* UIColor+NSString.h */ = {isa = PBXFileReference; fileEncoding = 4; lastKnownFileType = sourcecode.c.h; path = "UIColor+NSString.h"; sourceTree = "<group>"; };
		18391BE7150B231A008207C0 /* UIColor+NSString.m */ = {isa = PBXFileReference; fileEncoding = 4; lastKnownFileType = sourcecode.c.objc; path = "UIColor+NSString.m"; sourceTree = "<group>"; };
		185082551375884E0020EED0 /* blueArrow.png */ = {isa = PBXFileReference; lastKnownFileType = image.png; name = blueArrow.png; path = images/blueArrow.png; sourceTree = "<group>"; };
		185082561375884E0020EED0 /* blueArrow@2x.png */ = {isa = PBXFileReference; lastKnownFileType = image.png; name = "blueArrow@2x.png"; path = "images/blueArrow@2x.png"; sourceTree = "<group>"; };
		185082591375884E0020EED0 /* Icon-72.png */ = {isa = PBXFileReference; lastKnownFileType = image.png; name = "Icon-72.png"; path = "images/Icon-72.png"; sourceTree = "<group>"; };
		1850825A1375884E0020EED0 /* Icon-Small-50.png */ = {isa = PBXFileReference; lastKnownFileType = image.png; name = "Icon-Small-50.png"; path = "images/Icon-Small-50.png"; sourceTree = "<group>"; };
		1850825B1375884E0020EED0 /* Icon-Small.png */ = {isa = PBXFileReference; lastKnownFileType = image.png; name = "Icon-Small.png"; path = "images/Icon-Small.png"; sourceTree = "<group>"; };
		1850825C1375884E0020EED0 /* Icon-Small@2x.png */ = {isa = PBXFileReference; lastKnownFileType = image.png; name = "Icon-Small@2x.png"; path = "images/Icon-Small@2x.png"; sourceTree = "<group>"; };
		1850825D1375884E0020EED0 /* Icon.png */ = {isa = PBXFileReference; lastKnownFileType = image.png; name = Icon.png; path = images/Icon.png; sourceTree = "<group>"; };
		1850825E1375884E0020EED0 /* Icon@2x.png */ = {isa = PBXFileReference; lastKnownFileType = image.png; name = "Icon@2x.png"; path = "images/Icon@2x.png"; sourceTree = "<group>"; };
		1850825F1375884E0020EED0 /* iconBrowseNext.png */ = {isa = PBXFileReference; lastKnownFileType = image.png; name = iconBrowseNext.png; path = images/iconBrowseNext.png; sourceTree = "<group>"; };
		185082601375884E0020EED0 /* iconBrowseNext@2x.png */ = {isa = PBXFileReference; lastKnownFileType = image.png; name = "iconBrowseNext@2x.png"; path = "images/iconBrowseNext@2x.png"; sourceTree = "<group>"; };
		185082611375884E0020EED0 /* iconBrowsePrev.png */ = {isa = PBXFileReference; lastKnownFileType = image.png; name = iconBrowsePrev.png; path = images/iconBrowsePrev.png; sourceTree = "<group>"; };
		185082621375884E0020EED0 /* iconBrowsePrev@2x.png */ = {isa = PBXFileReference; lastKnownFileType = image.png; name = "iconBrowsePrev@2x.png"; path = "images/iconBrowsePrev@2x.png"; sourceTree = "<group>"; };
		185082631375884E0020EED0 /* iTunesArtwork */ = {isa = PBXFileReference; lastKnownFileType = file; name = iTunesArtwork; path = images/iTunesArtwork; sourceTree = "<group>"; };
		18508274137588E00020EED0 /* ja */ = {isa = PBXFileReference; lastKnownFileType = text.plist.strings; name = ja; path = ja.lproj/Localizable.strings; sourceTree = "<group>"; };
		18508276137588EB0020EED0 /* en */ = {isa = PBXFileReference; lastKnownFileType = text.plist.strings; name = en; path = en.lproj/Localizable.strings; sourceTree = "<group>"; };
		18508277137595890020EED0 /* Entitlements.plist */ = {isa = PBXFileReference; fileEncoding = 4; lastKnownFileType = text.plist.xml; path = Entitlements.plist; sourceTree = SOURCE_ROOT; };
		1851BFB5185368CB00AFA9C8 /* Default@2x.png */ = {isa = PBXFileReference; lastKnownFileType = image.png; name = "Default@2x.png"; path = "images/Default@2x.png"; sourceTree = "<group>"; };
		186781C813743AF0001D60A2 /* BuzzurlTouch.app */ = {isa = PBXFileReference; explicitFileType = wrapper.application; includeInIndex = 0; path = BuzzurlTouch.app; sourceTree = BUILT_PRODUCTS_DIR; };
		186781CC13743AF0001D60A2 /* UIKit.framework */ = {isa = PBXFileReference; lastKnownFileType = wrapper.framework; name = UIKit.framework; path = System/Library/Frameworks/UIKit.framework; sourceTree = SDKROOT; };
		186781CE13743AF0001D60A2 /* Foundation.framework */ = {isa = PBXFileReference; lastKnownFileType = wrapper.framework; name = Foundation.framework; path = System/Library/Frameworks/Foundation.framework; sourceTree = SDKROOT; };
		186781D013743AF0001D60A2 /* CoreGraphics.framework */ = {isa = PBXFileReference; lastKnownFileType = wrapper.framework; name = CoreGraphics.framework; path = System/Library/Frameworks/CoreGraphics.framework; sourceTree = SDKROOT; };
		186781D413743AF0001D60A2 /* Buzzurl touch-Info.plist */ = {isa = PBXFileReference; lastKnownFileType = text.plist.xml; path = "Buzzurl touch-Info.plist"; sourceTree = "<group>"; };
		186781D613743AF0001D60A2 /* en */ = {isa = PBXFileReference; lastKnownFileType = text.plist.strings; name = en; path = en.lproj/InfoPlist.strings; sourceTree = "<group>"; };
		186781D813743AF0001D60A2 /* Buzzurl touch-Prefix.pch */ = {isa = PBXFileReference; lastKnownFileType = sourcecode.c.h; path = "Buzzurl touch-Prefix.pch"; sourceTree = "<group>"; };
		186781D913743AF0001D60A2 /* main.m */ = {isa = PBXFileReference; lastKnownFileType = sourcecode.c.objc; path = main.m; sourceTree = "<group>"; };
		186781DB13743AF0001D60A2 /* Buzzurl_touchAppDelegate.h */ = {isa = PBXFileReference; lastKnownFileType = sourcecode.c.h; path = Buzzurl_touchAppDelegate.h; sourceTree = "<group>"; };
		186781DC13743AF0001D60A2 /* Buzzurl_touchAppDelegate.m */ = {isa = PBXFileReference; lastKnownFileType = sourcecode.c.objc; path = Buzzurl_touchAppDelegate.m; sourceTree = "<group>"; };
		186781EC13743B0B001D60A2 /* SettingsViewController.h */ = {isa = PBXFileReference; fileEncoding = 4; lastKnownFileType = sourcecode.c.h; path = SettingsViewController.h; sourceTree = "<group>"; };
		186781ED13743B0B001D60A2 /* SettingsViewController.m */ = {isa = PBXFileReference; fileEncoding = 4; lastKnownFileType = sourcecode.c.objc; path = SettingsViewController.m; sourceTree = "<group>"; };
		186781EE13743B0B001D60A2 /* SettingsViewController.xib */ = {isa = PBXFileReference; fileEncoding = 4; lastKnownFileType = file.xib; path = SettingsViewController.xib; sourceTree = "<group>"; };
		186781FB13743B88001D60A2 /* RootViewController.h */ = {isa = PBXFileReference; fileEncoding = 4; lastKnownFileType = sourcecode.c.h; path = RootViewController.h; sourceTree = "<group>"; };
		186781FC13743B88001D60A2 /* RootViewController.m */ = {isa = PBXFileReference; fileEncoding = 4; lastKnownFileType = sourcecode.c.objc; path = RootViewController.m; sourceTree = "<group>"; };
		186781FF13743BC2001D60A2 /* JSON.h */ = {isa = PBXFileReference; fileEncoding = 4; lastKnownFileType = sourcecode.c.h; path = JSON.h; sourceTree = "<group>"; };
		1867820013743BC2001D60A2 /* NSObject+SBJSON.h */ = {isa = PBXFileReference; fileEncoding = 4; lastKnownFileType = sourcecode.c.h; path = "NSObject+SBJSON.h"; sourceTree = "<group>"; };
		1867820113743BC2001D60A2 /* NSObject+SBJSON.m */ = {isa = PBXFileReference; fileEncoding = 4; lastKnownFileType = sourcecode.c.objc; path = "NSObject+SBJSON.m"; sourceTree = "<group>"; };
		1867820213743BC2001D60A2 /* NSString+SBJSON.h */ = {isa = PBXFileReference; fileEncoding = 4; lastKnownFileType = sourcecode.c.h; path = "NSString+SBJSON.h"; sourceTree = "<group>"; };
		1867820313743BC2001D60A2 /* NSString+SBJSON.m */ = {isa = PBXFileReference; fileEncoding = 4; lastKnownFileType = sourcecode.c.objc; path = "NSString+SBJSON.m"; sourceTree = "<group>"; };
		1867820413743BC2001D60A2 /* SBJsonBase.h */ = {isa = PBXFileReference; fileEncoding = 4; lastKnownFileType = sourcecode.c.h; path = SBJsonBase.h; sourceTree = "<group>"; };
		1867820513743BC2001D60A2 /* SBJsonBase.m */ = {isa = PBXFileReference; fileEncoding = 4; lastKnownFileType = sourcecode.c.objc; path = SBJsonBase.m; sourceTree = "<group>"; };
		1867820613743BC2001D60A2 /* SBJsonParser.h */ = {isa = PBXFileReference; fileEncoding = 4; lastKnownFileType = sourcecode.c.h; path = SBJsonParser.h; sourceTree = "<group>"; };
		1867820713743BC2001D60A2 /* SBJsonParser.m */ = {isa = PBXFileReference; fileEncoding = 4; lastKnownFileType = sourcecode.c.objc; path = SBJsonParser.m; sourceTree = "<group>"; };
		1867820813743BC2001D60A2 /* SBJsonWriter.h */ = {isa = PBXFileReference; fileEncoding = 4; lastKnownFileType = sourcecode.c.h; path = SBJsonWriter.h; sourceTree = "<group>"; };
		1867820913743BC2001D60A2 /* SBJsonWriter.m */ = {isa = PBXFileReference; fileEncoding = 4; lastKnownFileType = sourcecode.c.objc; path = SBJsonWriter.m; sourceTree = "<group>"; };
		1867821713743C01001D60A2 /* Security.framework */ = {isa = PBXFileReference; lastKnownFileType = wrapper.framework; name = Security.framework; path = System/Library/Frameworks/Security.framework; sourceTree = SDKROOT; };
		1867821913743C08001D60A2 /* QuartzCore.framework */ = {isa = PBXFileReference; lastKnownFileType = wrapper.framework; name = QuartzCore.framework; path = System/Library/Frameworks/QuartzCore.framework; sourceTree = SDKROOT; };
		1867822313744C44001D60A2 /* WebViewController.h */ = {isa = PBXFileReference; fileEncoding = 4; lastKnownFileType = sourcecode.c.h; path = WebViewController.h; sourceTree = "<group>"; };
		1867822413744C44001D60A2 /* WebViewController.m */ = {isa = PBXFileReference; fileEncoding = 4; lastKnownFileType = sourcecode.c.objc; path = WebViewController.m; sourceTree = "<group>"; };
		18757126184F76BB0019741B /* Images.xcassets */ = {isa = PBXFileReference; lastKnownFileType = folder.assetcatalog; path = Images.xcassets; sourceTree = "<group>"; };
		187AE795141DEFFA0065D960 /* Article.h */ = {isa = PBXFileReference; fileEncoding = 4; lastKnownFileType = sourcecode.c.h; path = Article.h; sourceTree = "<group>"; };
		187AE796141DEFFA0065D960 /* Article.m */ = {isa = PBXFileReference; fileEncoding = 4; lastKnownFileType = sourcecode.c.objc; path = Article.m; sourceTree = "<group>"; };
		187AE7B8141DFD6F0065D960 /* RecentArticleViewController.h */ = {isa = PBXFileReference; fileEncoding = 4; lastKnownFileType = sourcecode.c.h; path = RecentArticleViewController.h; sourceTree = "<group>"; };
		187AE7B9141DFD6F0065D960 /* RecentArticleViewController.m */ = {isa = PBXFileReference; fileEncoding = 4; lastKnownFileType = sourcecode.c.objc; path = RecentArticleViewController.m; sourceTree = "<group>"; };
		187AE7BA141DFD6F0065D960 /* RecentArticleViewController.xib */ = {isa = PBXFileReference; fileEncoding = 4; lastKnownFileType = file.xib; path = RecentArticleViewController.xib; sourceTree = "<group>"; };
		1899888B141E1822006FB745 /* WebViewController.xib */ = {isa = PBXFileReference; fileEncoding = 4; lastKnownFileType = file.xib; path = WebViewController.xib; sourceTree = "<group>"; };
		18AE580B141D1B0100C71E23 /* Buzzurl.h */ = {isa = PBXFileReference; fileEncoding = 4; lastKnownFileType = sourcecode.c.h; path = Buzzurl.h; sourceTree = "<group>"; };
		18AE580C141D1B0100C71E23 /* Buzzurl.m */ = {isa = PBXFileReference; fileEncoding = 4; lastKnownFileType = sourcecode.c.objc; path = Buzzurl.m; sourceTree = "<group>"; };
		18C9304C13757F5A006F5DD3 /* RootViewController.xib */ = {isa = PBXFileReference; lastKnownFileType = file.xib; path = RootViewController.xib; sourceTree = "<group>"; };
		18C9304F13757F63006F5DD3 /* MainWindow.xib */ = {isa = PBXFileReference; lastKnownFileType = file.xib; path = MainWindow.xib; sourceTree = "<group>"; };
		18DB9E07158CCD7B004BD300 /* MessageUI.framework */ = {isa = PBXFileReference; lastKnownFileType = wrapper.framework; name = MessageUI.framework; path = System/Library/Frameworks/MessageUI.framework; sourceTree = SDKROOT; };
		29A65A7FEFE540DEA8ED603E /* Pods.xcconfig */ = {isa = PBXFileReference; includeInIndex = 1; lastKnownFileType = text.xcconfig; name = Pods.xcconfig; path = Pods/Pods.xcconfig; sourceTree = "<group>"; };
		8524C0EF58B5461D93707D4C /* libPods.a */ = {isa = PBXFileReference; explicitFileType = archive.ar; includeInIndex = 0; path = libPods.a; sourceTree = BUILT_PRODUCTS_DIR; };
/* End PBXFileReference section */

/* Begin PBXFrameworksBuildPhase section */
		18078F161912744A008693F5 /* Frameworks */ = {
			isa = PBXFrameworksBuildPhase;
			buildActionMask = 2147483647;
			files = (
				18078F1A1912744A008693F5 /* XCTest.framework in Frameworks */,
				18078F1C1912744B008693F5 /* UIKit.framework in Frameworks */,
				18078F1B1912744B008693F5 /* Foundation.framework in Frameworks */,
			);
			runOnlyForDeploymentPostprocessing = 0;
		};
		186781C513743AF0001D60A2 /* Frameworks */ = {
			isa = PBXFrameworksBuildPhase;
			buildActionMask = 2147483647;
			files = (
				18DB9E08158CCD7B004BD300 /* MessageUI.framework in Frameworks */,
				1867821A13743C08001D60A2 /* QuartzCore.framework in Frameworks */,
				1867821813743C01001D60A2 /* Security.framework in Frameworks */,
				186781CD13743AF0001D60A2 /* UIKit.framework in Frameworks */,
				186781CF13743AF0001D60A2 /* Foundation.framework in Frameworks */,
				186781D113743AF0001D60A2 /* CoreGraphics.framework in Frameworks */,
				8EBF75B949F0455EB13F2267 /* libPods.a in Frameworks */,
			);
			runOnlyForDeploymentPostprocessing = 0;
		};
/* End PBXFrameworksBuildPhase section */

/* Begin PBXGroup section */
		18078F1D1912744B008693F5 /* BuzzurlTouch Tests */ = {
			isa = PBXGroup;
			children = (
				18078F231912744B008693F5 /* BuzzurlTouch_Tests.m */,
				18078F1E1912744B008693F5 /* Supporting Files */,
			);
			path = "BuzzurlTouch Tests";
			sourceTree = "<group>";
		};
		18078F1E1912744B008693F5 /* Supporting Files */ = {
			isa = PBXGroup;
			children = (
				18078F1F1912744B008693F5 /* BuzzurlTouch Tests-Info.plist */,
				18078F201912744B008693F5 /* InfoPlist.strings */,
				18078F251912744B008693F5 /* BuzzurlTouch Tests-Prefix.pch */,
			);
			name = "Supporting Files";
			sourceTree = "<group>";
		};
		186781BD13743AF0001D60A2 = {
			isa = PBXGroup;
			children = (
				186781D213743AF0001D60A2 /* Buzzurl touch */,
				18078F1D1912744B008693F5 /* BuzzurlTouch Tests */,
				186781CB13743AF0001D60A2 /* Frameworks */,
				186781C913743AF0001D60A2 /* Products */,
				29A65A7FEFE540DEA8ED603E /* Pods.xcconfig */,
			);
			sourceTree = "<group>";
		};
		186781C913743AF0001D60A2 /* Products */ = {
			isa = PBXGroup;
			children = (
				186781C813743AF0001D60A2 /* BuzzurlTouch.app */,
				18078F191912744A008693F5 /* BuzzurlTouch Tests.xctest */,
			);
			name = Products;
			sourceTree = "<group>";
		};
		186781CB13743AF0001D60A2 /* Frameworks */ = {
			isa = PBXGroup;
			children = (
				18145E4A1614B40E00596AD7 /* Crashlytics.framework */,
				18DB9E07158CCD7B004BD300 /* MessageUI.framework */,
				1867821913743C08001D60A2 /* QuartzCore.framework */,
				1867821713743C01001D60A2 /* Security.framework */,
				186781CC13743AF0001D60A2 /* UIKit.framework */,
				186781CE13743AF0001D60A2 /* Foundation.framework */,
				186781D013743AF0001D60A2 /* CoreGraphics.framework */,
				8524C0EF58B5461D93707D4C /* libPods.a */,
				18078F011912725D008693F5 /* XCTest.framework */,
			);
			name = Frameworks;
			sourceTree = "<group>";
		};
		186781D213743AF0001D60A2 /* Buzzurl touch */ = {
			isa = PBXGroup;
			children = (
				186781FE13743BC2001D60A2 /* json-framework */,
				187AE793141DEF560065D960 /* models */,
				186781DB13743AF0001D60A2 /* Buzzurl_touchAppDelegate.h */,
				186781DC13743AF0001D60A2 /* Buzzurl_touchAppDelegate.m */,
				18391BE6150B2319008207C0 /* UIColor+NSString.h */,
				18391BE7150B231A008207C0 /* UIColor+NSString.m */,
				18C9304F13757F63006F5DD3 /* MainWindow.xib */,
				18AE580B141D1B0100C71E23 /* Buzzurl.h */,
				18AE580C141D1B0100C71E23 /* Buzzurl.m */,
				187AE7B8141DFD6F0065D960 /* RecentArticleViewController.h */,
				187AE7B9141DFD6F0065D960 /* RecentArticleViewController.m */,
				187AE7BA141DFD6F0065D960 /* RecentArticleViewController.xib */,
				186781FB13743B88001D60A2 /* RootViewController.h */,
				186781FC13743B88001D60A2 /* RootViewController.m */,
				18C9304C13757F5A006F5DD3 /* RootViewController.xib */,
				186781EC13743B0B001D60A2 /* SettingsViewController.h */,
				186781ED13743B0B001D60A2 /* SettingsViewController.m */,
				186781EE13743B0B001D60A2 /* SettingsViewController.xib */,
				1867822313744C44001D60A2 /* WebViewController.h */,
				1867822413744C44001D60A2 /* WebViewController.m */,
				1899888B141E1822006FB745 /* WebViewController.xib */,
				18757126184F76BB0019741B /* Images.xcassets */,
				186781D313743AF0001D60A2 /* Supporting Files */,
			);
			path = "Buzzurl touch";
			sourceTree = "<group>";
		};
		186781D313743AF0001D60A2 /* Supporting Files */ = {
			isa = PBXGroup;
			children = (
				18508273137588E00020EED0 /* Localizable.strings */,
				186781F213743B3B001D60A2 /* images */,
				186781D413743AF0001D60A2 /* Buzzurl touch-Info.plist */,
				186781D513743AF0001D60A2 /* InfoPlist.strings */,
				186781D813743AF0001D60A2 /* Buzzurl touch-Prefix.pch */,
				186781D913743AF0001D60A2 /* main.m */,
				18508277137595890020EED0 /* Entitlements.plist */,
			);
			name = "Supporting Files";
			sourceTree = "<group>";
		};
		186781F213743B3B001D60A2 /* images */ = {
			isa = PBXGroup;
			children = (
				1851BFB5185368CB00AFA9C8 /* Default@2x.png */,
				18145E461614A5B400596AD7 /* Default-568h@2x.png */,
				185082551375884E0020EED0 /* blueArrow.png */,
				185082561375884E0020EED0 /* blueArrow@2x.png */,
				185082591375884E0020EED0 /* Icon-72.png */,
				1850825A1375884E0020EED0 /* Icon-Small-50.png */,
				1850825B1375884E0020EED0 /* Icon-Small.png */,
				1850825C1375884E0020EED0 /* Icon-Small@2x.png */,
				1850825D1375884E0020EED0 /* Icon.png */,
				1850825E1375884E0020EED0 /* Icon@2x.png */,
				1850825F1375884E0020EED0 /* iconBrowseNext.png */,
				185082601375884E0020EED0 /* iconBrowseNext@2x.png */,
				185082611375884E0020EED0 /* iconBrowsePrev.png */,
				185082621375884E0020EED0 /* iconBrowsePrev@2x.png */,
				185082631375884E0020EED0 /* iTunesArtwork */,
			);
			name = images;
			sourceTree = "<group>";
		};
		186781FE13743BC2001D60A2 /* json-framework */ = {
			isa = PBXGroup;
			children = (
				186781FF13743BC2001D60A2 /* JSON.h */,
				1867820013743BC2001D60A2 /* NSObject+SBJSON.h */,
				1867820113743BC2001D60A2 /* NSObject+SBJSON.m */,
				1867820213743BC2001D60A2 /* NSString+SBJSON.h */,
				1867820313743BC2001D60A2 /* NSString+SBJSON.m */,
				1867820413743BC2001D60A2 /* SBJsonBase.h */,
				1867820513743BC2001D60A2 /* SBJsonBase.m */,
				1867820613743BC2001D60A2 /* SBJsonParser.h */,
				1867820713743BC2001D60A2 /* SBJsonParser.m */,
				1867820813743BC2001D60A2 /* SBJsonWriter.h */,
				1867820913743BC2001D60A2 /* SBJsonWriter.m */,
			);
			path = "json-framework";
			sourceTree = "<group>";
		};
		187AE793141DEF560065D960 /* models */ = {
			isa = PBXGroup;
			children = (
				187AE795141DEFFA0065D960 /* Article.h */,
				187AE796141DEFFA0065D960 /* Article.m */,
			);
			name = models;
			sourceTree = "<group>";
		};
/* End PBXGroup section */

/* Begin PBXNativeTarget section */
		18078F181912744A008693F5 /* BuzzurlTouch Tests */ = {
			isa = PBXNativeTarget;
			buildConfigurationList = 18078F281912744B008693F5 /* Build configuration list for PBXNativeTarget "BuzzurlTouch Tests" */;
			buildPhases = (
				18078F151912744A008693F5 /* Sources */,
				18078F161912744A008693F5 /* Frameworks */,
				18078F171912744A008693F5 /* Resources */,
			);
			buildRules = (
			);
			dependencies = (
				18078F271912744B008693F5 /* PBXTargetDependency */,
			);
			name = "BuzzurlTouch Tests";
			productName = "BuzzurlTouch Tests";
			productReference = 18078F191912744A008693F5 /* BuzzurlTouch Tests.xctest */;
			productType = "com.apple.product-type.bundle.unit-test";
		};
		186781C713743AF0001D60A2 /* BuzzurlTouch */ = {
			isa = PBXNativeTarget;
			buildConfigurationList = 186781E913743AF0001D60A2 /* Build configuration list for PBXNativeTarget "BuzzurlTouch" */;
			buildPhases = (
				3188F17C38594A4CB31FA425 /* Check Pods Manifest.lock */,
				186781C413743AF0001D60A2 /* Sources */,
				186781C513743AF0001D60A2 /* Frameworks */,
				186781C613743AF0001D60A2 /* Resources */,
				18145E491614B3C400596AD7 /* ShellScript */,
				67E887D94A3B4828899FB7EB /* Copy Pods Resources */,
			);
			buildRules = (
			);
			dependencies = (
			);
			name = BuzzurlTouch;
			productName = "Buzzurl touch";
			productReference = 186781C813743AF0001D60A2 /* BuzzurlTouch.app */;
			productType = "com.apple.product-type.application";
		};
/* End PBXNativeTarget section */

/* Begin PBXProject section */
		186781BF13743AF0001D60A2 /* Project object */ = {
			isa = PBXProject;
			attributes = {
				LastUpgradeCheck = 0420;
				ORGANIZATIONNAME = cutmail;
				TargetAttributes = {
					18078F181912744A008693F5 = {
						TestTargetID = 186781C713743AF0001D60A2;
					};
					186781C713743AF0001D60A2 = {
						DevelopmentTeam = 28Q28C23PY;
					};
				};
			};
			buildConfigurationList = 186781C213743AF0001D60A2 /* Build configuration list for PBXProject "Buzzurl touch" */;
			compatibilityVersion = "Xcode 3.2";
			developmentRegion = English;
			hasScannedForEncodings = 0;
			knownRegions = (
				en,
				ja,
			);
			mainGroup = 186781BD13743AF0001D60A2;
			productRefGroup = 186781C913743AF0001D60A2 /* Products */;
			projectDirPath = "";
			projectRoot = "";
			targets = (
				186781C713743AF0001D60A2 /* BuzzurlTouch */,
				18078F181912744A008693F5 /* BuzzurlTouch Tests */,
			);
		};
/* End PBXProject section */

/* Begin PBXResourcesBuildPhase section */
		18078F171912744A008693F5 /* Resources */ = {
			isa = PBXResourcesBuildPhase;
			buildActionMask = 2147483647;
			files = (
				18078F221912744B008693F5 /* InfoPlist.strings in Resources */,
			);
			runOnlyForDeploymentPostprocessing = 0;
		};
		186781C613743AF0001D60A2 /* Resources */ = {
			isa = PBXResourcesBuildPhase;
			buildActionMask = 2147483647;
			files = (
				186781D713743AF0001D60A2 /* InfoPlist.strings in Resources */,
				18757127184F76BB0019741B /* Images.xcassets in Resources */,
				18C9304E13757F63006F5DD3 /* MainWindow.xib in Resources */,
				18C9304B13757F5A006F5DD3 /* RootViewController.xib in Resources */,
				186781F013743B0B001D60A2 /* SettingsViewController.xib in Resources */,
				185082641375884E0020EED0 /* blueArrow.png in Resources */,
				185082651375884E0020EED0 /* blueArrow@2x.png in Resources */,
				185082681375884E0020EED0 /* Icon-72.png in Resources */,
				185082691375884E0020EED0 /* Icon-Small-50.png in Resources */,
				1850826A1375884E0020EED0 /* Icon-Small.png in Resources */,
				1850826B1375884E0020EED0 /* Icon-Small@2x.png in Resources */,
				1851BFB6185368CB00AFA9C8 /* Default@2x.png in Resources */,
				1850826C1375884E0020EED0 /* Icon.png in Resources */,
				1850826D1375884E0020EED0 /* Icon@2x.png in Resources */,
				1850826E1375884E0020EED0 /* iconBrowseNext.png in Resources */,
				1850826F1375884E0020EED0 /* iconBrowseNext@2x.png in Resources */,
				185082701375884E0020EED0 /* iconBrowsePrev.png in Resources */,
				185082711375884E0020EED0 /* iconBrowsePrev@2x.png in Resources */,
				185082721375884E0020EED0 /* iTunesArtwork in Resources */,
				18508275137588E00020EED0 /* Localizable.strings in Resources */,
				18508278137595890020EED0 /* Entitlements.plist in Resources */,
				187AE7BC141DFD6F0065D960 /* RecentArticleViewController.xib in Resources */,
				1899888C141E1822006FB745 /* WebViewController.xib in Resources */,
				18145E471614A5B400596AD7 /* Default-568h@2x.png in Resources */,
			);
			runOnlyForDeploymentPostprocessing = 0;
		};
/* End PBXResourcesBuildPhase section */

/* Begin PBXShellScriptBuildPhase section */
		18145E491614B3C400596AD7 /* ShellScript */ = {
			isa = PBXShellScriptBuildPhase;
			buildActionMask = 2147483647;
			files = (
			);
			inputPaths = (
			);
			outputPaths = (
			);
			runOnlyForDeploymentPostprocessing = 0;
			shellPath = /bin/sh;
			shellScript = "CHECK_DIR=/Applications/Crashlytics.app\nif [ -d ${DIR} ] ; then\n  ./Pods/CrashlyticsFramework/Crashlytics.framework/run 7d0f3ef6938723ac69b416c2f9d0cfa7f9ae7437\nfi";
		};
		3188F17C38594A4CB31FA425 /* Check Pods Manifest.lock */ = {
			isa = PBXShellScriptBuildPhase;
			buildActionMask = 2147483647;
			files = (
			);
			inputPaths = (
			);
			name = "Check Pods Manifest.lock";
			outputPaths = (
			);
			runOnlyForDeploymentPostprocessing = 0;
			shellPath = /bin/sh;
			shellScript = "diff \"${PODS_ROOT}/../Podfile.lock\" \"${PODS_ROOT}/Manifest.lock\" > /dev/null\nif [[ $? != 0 ]] ; then\n    cat << EOM\nerror: The sandbox is not in sync with the Podfile.lock. Run 'pod install' or update your CocoaPods installation.\nEOM\n    exit 1\nfi\n";
			showEnvVarsInLog = 0;
		};
		67E887D94A3B4828899FB7EB /* Copy Pods Resources */ = {
			isa = PBXShellScriptBuildPhase;
			buildActionMask = 2147483647;
			files = (
			);
			inputPaths = (
			);
			name = "Copy Pods Resources";
			outputPaths = (
			);
			runOnlyForDeploymentPostprocessing = 0;
			shellPath = /bin/sh;
			shellScript = "\"${SRCROOT}/Pods/Pods-resources.sh\"\n";
			showEnvVarsInLog = 0;
		};
/* End PBXShellScriptBuildPhase section */

/* Begin PBXSourcesBuildPhase section */
		18078F151912744A008693F5 /* Sources */ = {
			isa = PBXSourcesBuildPhase;
			buildActionMask = 2147483647;
			files = (
				18078F241912744B008693F5 /* BuzzurlTouch_Tests.m in Sources */,
			);
			runOnlyForDeploymentPostprocessing = 0;
		};
		186781C413743AF0001D60A2 /* Sources */ = {
			isa = PBXSourcesBuildPhase;
			buildActionMask = 2147483647;
			files = (
				186781DA13743AF0001D60A2 /* main.m in Sources */,
				186781DD13743AF0001D60A2 /* Buzzurl_touchAppDelegate.m in Sources */,
				186781EF13743B0B001D60A2 /* SettingsViewController.m in Sources */,
				186781FD13743B88001D60A2 /* RootViewController.m in Sources */,
				1867820A13743BC2001D60A2 /* NSObject+SBJSON.m in Sources */,
				1867820B13743BC2001D60A2 /* NSString+SBJSON.m in Sources */,
				1867820C13743BC2001D60A2 /* SBJsonBase.m in Sources */,
				1867820D13743BC2001D60A2 /* SBJsonParser.m in Sources */,
				1867820E13743BC2001D60A2 /* SBJsonWriter.m in Sources */,
				1867822513744C44001D60A2 /* WebViewController.m in Sources */,
				18AE580D141D1B0100C71E23 /* Buzzurl.m in Sources */,
				187AE797141DEFFA0065D960 /* Article.m in Sources */,
				187AE7BB141DFD6F0065D960 /* RecentArticleViewController.m in Sources */,
				18391BE8150B231A008207C0 /* UIColor+NSString.m in Sources */,
			);
			runOnlyForDeploymentPostprocessing = 0;
		};
/* End PBXSourcesBuildPhase section */

/* Begin PBXTargetDependency section */
		18078F271912744B008693F5 /* PBXTargetDependency */ = {
			isa = PBXTargetDependency;
			target = 186781C713743AF0001D60A2 /* BuzzurlTouch */;
			targetProxy = 18078F261912744B008693F5 /* PBXContainerItemProxy */;
		};
/* End PBXTargetDependency section */

/* Begin PBXVariantGroup section */
		18078F201912744B008693F5 /* InfoPlist.strings */ = {
			isa = PBXVariantGroup;
			children = (
				18078F211912744B008693F5 /* en */,
			);
			name = InfoPlist.strings;
			sourceTree = "<group>";
		};
		18508273137588E00020EED0 /* Localizable.strings */ = {
			isa = PBXVariantGroup;
			children = (
				18508274137588E00020EED0 /* ja */,
				18508276137588EB0020EED0 /* en */,
			);
			name = Localizable.strings;
			sourceTree = "<group>";
		};
		186781D513743AF0001D60A2 /* InfoPlist.strings */ = {
			isa = PBXVariantGroup;
			children = (
				186781D613743AF0001D60A2 /* en */,
			);
			name = InfoPlist.strings;
			sourceTree = "<group>";
		};
/* End PBXVariantGroup section */

/* Begin XCBuildConfiguration section */
		18078F291912744B008693F5 /* Debug */ = {
			isa = XCBuildConfiguration;
			buildSettings = {
				ALWAYS_SEARCH_USER_PATHS = NO;
				BUNDLE_LOADER = "$(BUILT_PRODUCTS_DIR)/BuzzurlTouch.app/BuzzurlTouch";
				CLANG_CXX_LANGUAGE_STANDARD = "gnu++0x";
				CLANG_CXX_LIBRARY = "libc++";
				CLANG_ENABLE_MODULES = YES;
				CLANG_ENABLE_OBJC_ARC = YES;
				CLANG_WARN_BOOL_CONVERSION = YES;
				CLANG_WARN_CONSTANT_CONVERSION = YES;
				CLANG_WARN_DIRECT_OBJC_ISA_USAGE = YES_ERROR;
				CLANG_WARN_EMPTY_BODY = YES;
				CLANG_WARN_ENUM_CONVERSION = YES;
				CLANG_WARN_INT_CONVERSION = YES;
				CLANG_WARN_OBJC_ROOT_CLASS = YES_ERROR;
				CLANG_WARN__DUPLICATE_METHOD_MATCH = YES;
				COPY_PHASE_STRIP = NO;
				FRAMEWORK_SEARCH_PATHS = (
					"$(SDKROOT)/Developer/Library/Frameworks",
					"$(inherited)",
					"$(DEVELOPER_FRAMEWORKS_DIR)",
				);
				GCC_DYNAMIC_NO_PIC = NO;
				GCC_PRECOMPILE_PREFIX_HEADER = YES;
				GCC_PREFIX_HEADER = "BuzzurlTouch Tests/BuzzurlTouch Tests-Prefix.pch";
				GCC_PREPROCESSOR_DEFINITIONS = (
					"DEBUG=1",
					"$(inherited)",
				);
				GCC_WARN_64_TO_32_BIT_CONVERSION = YES;
				GCC_WARN_ABOUT_RETURN_TYPE = YES_ERROR;
				GCC_WARN_UNDECLARED_SELECTOR = YES;
				GCC_WARN_UNINITIALIZED_AUTOS = YES_AGGRESSIVE;
				GCC_WARN_UNUSED_FUNCTION = YES;
				INFOPLIST_FILE = "BuzzurlTouch Tests/BuzzurlTouch Tests-Info.plist";
				IPHONEOS_DEPLOYMENT_TARGET = 7.1;
				ONLY_ACTIVE_ARCH = YES;
				PRODUCT_NAME = "$(TARGET_NAME)";
				TEST_HOST = "$(BUNDLE_LOADER)";
				WRAPPER_EXTENSION = xctest;
			};
			name = Debug;
		};
		18078F2A1912744B008693F5 /* Release */ = {
			isa = XCBuildConfiguration;
			buildSettings = {
				ALWAYS_SEARCH_USER_PATHS = NO;
				BUNDLE_LOADER = "$(BUILT_PRODUCTS_DIR)/BuzzurlTouch.app/BuzzurlTouch";
				CLANG_CXX_LANGUAGE_STANDARD = "gnu++0x";
				CLANG_CXX_LIBRARY = "libc++";
				CLANG_ENABLE_MODULES = YES;
				CLANG_ENABLE_OBJC_ARC = YES;
				CLANG_WARN_BOOL_CONVERSION = YES;
				CLANG_WARN_CONSTANT_CONVERSION = YES;
				CLANG_WARN_DIRECT_OBJC_ISA_USAGE = YES_ERROR;
				CLANG_WARN_EMPTY_BODY = YES;
				CLANG_WARN_ENUM_CONVERSION = YES;
				CLANG_WARN_INT_CONVERSION = YES;
				CLANG_WARN_OBJC_ROOT_CLASS = YES_ERROR;
				CLANG_WARN__DUPLICATE_METHOD_MATCH = YES;
				COPY_PHASE_STRIP = YES;
				ENABLE_NS_ASSERTIONS = NO;
				FRAMEWORK_SEARCH_PATHS = (
					"$(SDKROOT)/Developer/Library/Frameworks",
					"$(inherited)",
					"$(DEVELOPER_FRAMEWORKS_DIR)",
				);
				GCC_PRECOMPILE_PREFIX_HEADER = YES;
				GCC_PREFIX_HEADER = "BuzzurlTouch Tests/BuzzurlTouch Tests-Prefix.pch";
				GCC_WARN_64_TO_32_BIT_CONVERSION = YES;
				GCC_WARN_ABOUT_RETURN_TYPE = YES_ERROR;
				GCC_WARN_UNDECLARED_SELECTOR = YES;
				GCC_WARN_UNINITIALIZED_AUTOS = YES_AGGRESSIVE;
				GCC_WARN_UNUSED_FUNCTION = YES;
				INFOPLIST_FILE = "BuzzurlTouch Tests/BuzzurlTouch Tests-Info.plist";
				IPHONEOS_DEPLOYMENT_TARGET = 7.1;
				PRODUCT_NAME = "$(TARGET_NAME)";
				TEST_HOST = "$(BUNDLE_LOADER)";
				VALIDATE_PRODUCT = YES;
				WRAPPER_EXTENSION = xctest;
			};
			name = Release;
		};
		18078F2B1912744B008693F5 /* AppStore */ = {
			isa = XCBuildConfiguration;
			buildSettings = {
				ALWAYS_SEARCH_USER_PATHS = NO;
				BUNDLE_LOADER = "$(BUILT_PRODUCTS_DIR)/BuzzurlTouch.app/BuzzurlTouch";
				CLANG_CXX_LANGUAGE_STANDARD = "gnu++0x";
				CLANG_CXX_LIBRARY = "libc++";
				CLANG_ENABLE_MODULES = YES;
				CLANG_ENABLE_OBJC_ARC = YES;
				CLANG_WARN_BOOL_CONVERSION = YES;
				CLANG_WARN_CONSTANT_CONVERSION = YES;
				CLANG_WARN_DIRECT_OBJC_ISA_USAGE = YES_ERROR;
				CLANG_WARN_EMPTY_BODY = YES;
				CLANG_WARN_ENUM_CONVERSION = YES;
				CLANG_WARN_INT_CONVERSION = YES;
				CLANG_WARN_OBJC_ROOT_CLASS = YES_ERROR;
				CLANG_WARN__DUPLICATE_METHOD_MATCH = YES;
				COPY_PHASE_STRIP = YES;
				ENABLE_NS_ASSERTIONS = NO;
				FRAMEWORK_SEARCH_PATHS = (
					"$(SDKROOT)/Developer/Library/Frameworks",
					"$(inherited)",
					"$(DEVELOPER_FRAMEWORKS_DIR)",
				);
				GCC_PRECOMPILE_PREFIX_HEADER = YES;
				GCC_PREFIX_HEADER = "BuzzurlTouch Tests/BuzzurlTouch Tests-Prefix.pch";
				GCC_WARN_64_TO_32_BIT_CONVERSION = YES;
				GCC_WARN_ABOUT_RETURN_TYPE = YES_ERROR;
				GCC_WARN_UNDECLARED_SELECTOR = YES;
				GCC_WARN_UNINITIALIZED_AUTOS = YES_AGGRESSIVE;
				GCC_WARN_UNUSED_FUNCTION = YES;
				INFOPLIST_FILE = "BuzzurlTouch Tests/BuzzurlTouch Tests-Info.plist";
				IPHONEOS_DEPLOYMENT_TARGET = 7.1;
				PRODUCT_NAME = "$(TARGET_NAME)";
				TEST_HOST = "$(BUNDLE_LOADER)";
				VALIDATE_PRODUCT = YES;
				WRAPPER_EXTENSION = xctest;
			};
			name = AppStore;
		};
		18078F2C1912744B008693F5 /* AdHoc */ = {
			isa = XCBuildConfiguration;
			buildSettings = {
				ALWAYS_SEARCH_USER_PATHS = NO;
				BUNDLE_LOADER = "$(BUILT_PRODUCTS_DIR)/BuzzurlTouch.app/BuzzurlTouch";
				CLANG_CXX_LANGUAGE_STANDARD = "gnu++0x";
				CLANG_CXX_LIBRARY = "libc++";
				CLANG_ENABLE_MODULES = YES;
				CLANG_ENABLE_OBJC_ARC = YES;
				CLANG_WARN_BOOL_CONVERSION = YES;
				CLANG_WARN_CONSTANT_CONVERSION = YES;
				CLANG_WARN_DIRECT_OBJC_ISA_USAGE = YES_ERROR;
				CLANG_WARN_EMPTY_BODY = YES;
				CLANG_WARN_ENUM_CONVERSION = YES;
				CLANG_WARN_INT_CONVERSION = YES;
				CLANG_WARN_OBJC_ROOT_CLASS = YES_ERROR;
				CLANG_WARN__DUPLICATE_METHOD_MATCH = YES;
				COPY_PHASE_STRIP = YES;
				ENABLE_NS_ASSERTIONS = NO;
				FRAMEWORK_SEARCH_PATHS = (
					"$(SDKROOT)/Developer/Library/Frameworks",
					"$(inherited)",
					"$(DEVELOPER_FRAMEWORKS_DIR)",
				);
				GCC_PRECOMPILE_PREFIX_HEADER = YES;
				GCC_PREFIX_HEADER = "BuzzurlTouch Tests/BuzzurlTouch Tests-Prefix.pch";
				GCC_WARN_64_TO_32_BIT_CONVERSION = YES;
				GCC_WARN_ABOUT_RETURN_TYPE = YES_ERROR;
				GCC_WARN_UNDECLARED_SELECTOR = YES;
				GCC_WARN_UNINITIALIZED_AUTOS = YES_AGGRESSIVE;
				GCC_WARN_UNUSED_FUNCTION = YES;
				INFOPLIST_FILE = "BuzzurlTouch Tests/BuzzurlTouch Tests-Info.plist";
				IPHONEOS_DEPLOYMENT_TARGET = 7.1;
				PRODUCT_NAME = "$(TARGET_NAME)";
				TEST_HOST = "$(BUNDLE_LOADER)";
				VALIDATE_PRODUCT = YES;
				WRAPPER_EXTENSION = xctest;
			};
			name = AdHoc;
		};
		186781E713743AF0001D60A2 /* Debug */ = {
			isa = XCBuildConfiguration;
			baseConfigurationReference = 29A65A7FEFE540DEA8ED603E /* Pods.xcconfig */;
			buildSettings = {
				ARCHS = "$(ARCHS_STANDARD_32_BIT)";
				CODE_SIGN_ENTITLEMENTS = Entitlements.plist;
				CODE_SIGN_IDENTITY = "";
				"CODE_SIGN_IDENTITY[sdk=iphoneos*]" = "";
				CODE_SIGN_RESOURCE_RULES_PATH = "";
				GCC_C_LANGUAGE_STANDARD = gnu99;
				GCC_OPTIMIZATION_LEVEL = 0;
				GCC_PREPROCESSOR_DEFINITIONS = DEBUG;
				GCC_SYMBOLS_PRIVATE_EXTERN = NO;
				GCC_VERSION = "";
				GCC_WARN_ABOUT_RETURN_TYPE = YES;
				GCC_WARN_UNUSED_VARIABLE = YES;
				IPHONEOS_DEPLOYMENT_TARGET = 6.0;
				ONLY_ACTIVE_ARCH = NO;
				PROVISIONING_PROFILE = "";
				"PROVISIONING_PROFILE[sdk=iphoneos*]" = "";
				SDKROOT = iphoneos;
			};
			name = Debug;
		};
		186781E813743AF0001D60A2 /* Release */ = {
			isa = XCBuildConfiguration;
			buildSettings = {
				ARCHS = "$(ARCHS_STANDARD_32_BIT)";
				CODE_SIGN_ENTITLEMENTS = Entitlements.plist;
				CODE_SIGN_IDENTITY = "";
				CODE_SIGN_RESOURCE_RULES_PATH = "";
				GCC_C_LANGUAGE_STANDARD = gnu99;
				GCC_VERSION = "";
				GCC_WARN_ABOUT_RETURN_TYPE = YES;
				GCC_WARN_UNUSED_VARIABLE = YES;
				IPHONEOS_DEPLOYMENT_TARGET = 6.0;
				ONLY_ACTIVE_ARCH = NO;
				OTHER_CFLAGS = "-DNS_BLOCK_ASSERTIONS=1";
				PROVISIONING_PROFILE = "";
				SDKROOT = iphoneos;
			};
			name = Release;
		};
		186781EA13743AF0001D60A2 /* Debug */ = {
			isa = XCBuildConfiguration;
			baseConfigurationReference = 29A65A7FEFE540DEA8ED603E /* Pods.xcconfig */;
			buildSettings = {
				ALWAYS_SEARCH_USER_PATHS = NO;
				ASSETCATALOG_COMPILER_APPICON_NAME = AppIcon;
				ASSETCATALOG_COMPILER_LAUNCHIMAGE_NAME = LaunchImage;
				CLANG_ENABLE_OBJC_ARC = YES;
				CODE_SIGN_IDENTITY = "iPhone Developer";
				"CODE_SIGN_IDENTITY[sdk=iphoneos*]" = "iPhone Developer";
				COPY_PHASE_STRIP = NO;
				FRAMEWORK_SEARCH_PATHS = (
					"$(inherited)",
					"\"$(SRCROOT)\"",
				);
				GCC_DYNAMIC_NO_PIC = NO;
				GCC_PRECOMPILE_PREFIX_HEADER = YES;
				GCC_PREFIX_HEADER = "Buzzurl touch/Buzzurl touch-Prefix.pch";
				INFOPLIST_FILE = "Buzzurl touch/Buzzurl touch-Info.plist";
				IPHONEOS_DEPLOYMENT_TARGET = 6.0;
				LIBRARY_SEARCH_PATHS = (
					"$(inherited)",
					"\"$(SRCROOT)/Buzzurl touch\"",
				);
				PRODUCT_NAME = "$(TARGET_NAME)";
				PROVISIONING_PROFILE = "";
				"PROVISIONING_PROFILE[sdk=iphoneos*]" = "";
				TARGETED_DEVICE_FAMILY = 1;
				VALIDATE_PRODUCT = YES;
				WRAPPER_EXTENSION = app;
			};
			name = Debug;
		};
		186781EB13743AF0001D60A2 /* Release */ = {
			isa = XCBuildConfiguration;
			baseConfigurationReference = 29A65A7FEFE540DEA8ED603E /* Pods.xcconfig */;
			buildSettings = {
				ALWAYS_SEARCH_USER_PATHS = NO;
				ASSETCATALOG_COMPILER_APPICON_NAME = AppIcon;
				ASSETCATALOG_COMPILER_LAUNCHIMAGE_NAME = LaunchImage;
				CLANG_ENABLE_OBJC_ARC = YES;
				CODE_SIGN_IDENTITY = "iPhone Distribution: Tatsuya Arai (28Q28C23PY)";
				"CODE_SIGN_IDENTITY[sdk=iphoneos*]" = "iPhone Distribution: Tatsuya Arai (28Q28C23PY)";
				COPY_PHASE_STRIP = YES;
				FRAMEWORK_SEARCH_PATHS = (
					"$(inherited)",
					"\"$(SRCROOT)\"",
				);
				GCC_PRECOMPILE_PREFIX_HEADER = YES;
				GCC_PREFIX_HEADER = "Buzzurl touch/Buzzurl touch-Prefix.pch";
				INFOPLIST_FILE = "Buzzurl touch/Buzzurl touch-Info.plist";
				IPHONEOS_DEPLOYMENT_TARGET = 6.0;
				LIBRARY_SEARCH_PATHS = (
					"$(inherited)",
					"\"$(SRCROOT)/Buzzurl touch\"",
				);
				PRODUCT_NAME = "$(TARGET_NAME)";
				PROVISIONING_PROFILE = "";
				TARGETED_DEVICE_FAMILY = 1;
				VALIDATE_PRODUCT = YES;
				WRAPPER_EXTENSION = app;
			};
			name = Release;
		};
		18C93061137581B9006F5DD3 /* AdHoc */ = {
			isa = XCBuildConfiguration;
			buildSettings = {
				ARCHS = "$(ARCHS_STANDARD_32_BIT)";
				CODE_SIGN_ENTITLEMENTS = Entitlements.plist;
				CODE_SIGN_IDENTITY = "";
				CODE_SIGN_RESOURCE_RULES_PATH = "";
				GCC_C_LANGUAGE_STANDARD = gnu99;
				GCC_VERSION = "";
				GCC_WARN_ABOUT_RETURN_TYPE = YES;
				GCC_WARN_UNUSED_VARIABLE = YES;
				IPHONEOS_DEPLOYMENT_TARGET = 6.0;
				ONLY_ACTIVE_ARCH = NO;
				OTHER_CFLAGS = "-DNS_BLOCK_ASSERTIONS=1";
				PROVISIONING_PROFILE = "";
				SDKROOT = iphoneos;
			};
			name = AdHoc;
		};
		18C93062137581B9006F5DD3 /* AdHoc */ = {
			isa = XCBuildConfiguration;
			baseConfigurationReference = 29A65A7FEFE540DEA8ED603E /* Pods.xcconfig */;
			buildSettings = {
				ALWAYS_SEARCH_USER_PATHS = NO;
				ASSETCATALOG_COMPILER_APPICON_NAME = AppIcon;
				ASSETCATALOG_COMPILER_LAUNCHIMAGE_NAME = LaunchImage;
				CLANG_ENABLE_OBJC_ARC = YES;
				CODE_SIGN_IDENTITY = "iPhone Distribution: Tatsuya Arai (28Q28C23PY)";
				"CODE_SIGN_IDENTITY[sdk=iphoneos*]" = "iPhone Distribution: Tatsuya Arai (28Q28C23PY)";
				COPY_PHASE_STRIP = YES;
				FRAMEWORK_SEARCH_PATHS = (
					"$(inherited)",
					"\"$(SRCROOT)\"",
				);
				GCC_PRECOMPILE_PREFIX_HEADER = YES;
				GCC_PREFIX_HEADER = "Buzzurl touch/Buzzurl touch-Prefix.pch";
				INFOPLIST_FILE = "Buzzurl touch/Buzzurl touch-Info.plist";
				IPHONEOS_DEPLOYMENT_TARGET = 6.0;
				LIBRARY_SEARCH_PATHS = (
					"$(inherited)",
					"\"$(SRCROOT)/Buzzurl touch\"",
				);
				PRODUCT_NAME = "$(TARGET_NAME)";
				PROVISIONING_PROFILE = "";
				TARGETED_DEVICE_FAMILY = 1;
				VALIDATE_PRODUCT = YES;
				WRAPPER_EXTENSION = app;
			};
			name = AdHoc;
		};
		18C93063137581C1006F5DD3 /* AppStore */ = {
			isa = XCBuildConfiguration;
			buildSettings = {
				ARCHS = "$(ARCHS_STANDARD_32_BIT)";
				CODE_SIGN_ENTITLEMENTS = Entitlements.plist;
				CODE_SIGN_IDENTITY = "";
				"CODE_SIGN_IDENTITY[sdk=iphoneos*]" = "";
				CODE_SIGN_RESOURCE_RULES_PATH = "";
				GCC_C_LANGUAGE_STANDARD = gnu99;
				GCC_VERSION = "";
				GCC_WARN_ABOUT_RETURN_TYPE = YES;
				GCC_WARN_UNUSED_VARIABLE = YES;
				IPHONEOS_DEPLOYMENT_TARGET = 6.0;
				ONLY_ACTIVE_ARCH = NO;
				OTHER_CFLAGS = "-DNS_BLOCK_ASSERTIONS=1";
				PROVISIONING_PROFILE = "";
				"PROVISIONING_PROFILE[sdk=iphoneos*]" = "";
				SDKROOT = iphoneos;
			};
			name = AppStore;
		};
		18C93064137581C1006F5DD3 /* AppStore */ = {
			isa = XCBuildConfiguration;
			baseConfigurationReference = 29A65A7FEFE540DEA8ED603E /* Pods.xcconfig */;
			buildSettings = {
				ALWAYS_SEARCH_USER_PATHS = NO;
				ASSETCATALOG_COMPILER_APPICON_NAME = AppIcon;
				ASSETCATALOG_COMPILER_LAUNCHIMAGE_NAME = LaunchImage;
				CLANG_ENABLE_OBJC_ARC = YES;
				CODE_SIGN_IDENTITY = "iPhone Developer";
				"CODE_SIGN_IDENTITY[sdk=iphoneos*]" = "iPhone Developer";
				COPY_PHASE_STRIP = YES;
				FRAMEWORK_SEARCH_PATHS = (
					"$(inherited)",
					"\"$(SRCROOT)\"",
				);
				GCC_PRECOMPILE_PREFIX_HEADER = YES;
				GCC_PREFIX_HEADER = "Buzzurl touch/Buzzurl touch-Prefix.pch";
				INFOPLIST_FILE = "Buzzurl touch/Buzzurl touch-Info.plist";
				IPHONEOS_DEPLOYMENT_TARGET = 6.0;
				LIBRARY_SEARCH_PATHS = (
					"$(inherited)",
					"\"$(SRCROOT)/Buzzurl touch\"",
				);
				PRODUCT_NAME = "$(TARGET_NAME)";
				PROVISIONING_PROFILE = "";
				"PROVISIONING_PROFILE[sdk=iphoneos*]" = "";
				TARGETED_DEVICE_FAMILY = 1;
				VALIDATE_PRODUCT = YES;
				WRAPPER_EXTENSION = app;
			};
			name = AppStore;
		};
/* End XCBuildConfiguration section */

/* Begin XCConfigurationList section */
		18078F281912744B008693F5 /* Build configuration list for PBXNativeTarget "BuzzurlTouch Tests" */ = {
			isa = XCConfigurationList;
			buildConfigurations = (
				18078F291912744B008693F5 /* Debug */,
				18078F2A1912744B008693F5 /* Release */,
				18078F2B1912744B008693F5 /* AppStore */,
				18078F2C1912744B008693F5 /* AdHoc */,
			);
			defaultConfigurationIsVisible = 0;
			defaultConfigurationName = Release;
		};
		186781C213743AF0001D60A2 /* Build configuration list for PBXProject "Buzzurl touch" */ = {
			isa = XCConfigurationList;
			buildConfigurations = (
				186781E713743AF0001D60A2 /* Debug */,
				186781E813743AF0001D60A2 /* Release */,
				18C93063137581C1006F5DD3 /* AppStore */,
				18C93061137581B9006F5DD3 /* AdHoc */,
			);
			defaultConfigurationIsVisible = 0;
			defaultConfigurationName = Release;
		};
		186781E913743AF0001D60A2 /* Build configuration list for PBXNativeTarget "BuzzurlTouch" */ = {
			isa = XCConfigurationList;
			buildConfigurations = (
				186781EA13743AF0001D60A2 /* Debug */,
				186781EB13743AF0001D60A2 /* Release */,
				18C93064137581C1006F5DD3 /* AppStore */,
				18C93062137581B9006F5DD3 /* AdHoc */,
			);
			defaultConfigurationIsVisible = 0;
			defaultConfigurationName = Release;
		};
/* End XCConfigurationList section */
	};
	rootObject = 186781BF13743AF0001D60A2 /* Project object */;
}
